// !$*UTF8*$!
{
	archiveVersion = 1;
	classes = {
	};
	objectVersion = 56;
	objects = {

/* Begin PBXBuildFile section */
		9D6ECBBF29BA378C000DF545 /* AgeGroup.swift in Sources */ = {isa = PBXBuildFile; fileRef = 9D6ECBBE29BA378C000DF545 /* AgeGroup.swift */; };
		9D70827929B8D1A000846F55 /* LifeProgressApp.swift in Sources */ = {isa = PBXBuildFile; fileRef = 9D70827829B8D1A000846F55 /* LifeProgressApp.swift */; };
		9D70827B29B8D1A000846F55 /* ContentView.swift in Sources */ = {isa = PBXBuildFile; fileRef = 9D70827A29B8D1A000846F55 /* ContentView.swift */; };
		9D70827D29B8D1A100846F55 /* Assets.xcassets in Resources */ = {isa = PBXBuildFile; fileRef = 9D70827C29B8D1A100846F55 /* Assets.xcassets */; };
		9D70828029B8D1A100846F55 /* Preview Assets.xcassets in Resources */ = {isa = PBXBuildFile; fileRef = 9D70827F29B8D1A100846F55 /* Preview Assets.xcassets */; };
		9D70828229B8D1A100846F55 /* Persistence.swift in Sources */ = {isa = PBXBuildFile; fileRef = 9D70828129B8D1A100846F55 /* Persistence.swift */; };
		9D70828529B8D1A100846F55 /* LifeProgress.xcdatamodeld in Sources */ = {isa = PBXBuildFile; fileRef = 9D70828329B8D1A100846F55 /* LifeProgress.xcdatamodeld */; };
		9D70828F29B8D1A100846F55 /* LifeProgressTests.swift in Sources */ = {isa = PBXBuildFile; fileRef = 9D70828E29B8D1A100846F55 /* LifeProgressTests.swift */; };
		9D70829929B8D1A100846F55 /* LifeProgressUITests.swift in Sources */ = {isa = PBXBuildFile; fileRef = 9D70829829B8D1A100846F55 /* LifeProgressUITests.swift */; };
		9D70829B29B8D1A100846F55 /* LifeProgressUITestsLaunchTests.swift in Sources */ = {isa = PBXBuildFile; fileRef = 9D70829A29B8D1A100846F55 /* LifeProgressUITestsLaunchTests.swift */; };
		9D7082A929B8D34900846F55 /* Life.swift in Sources */ = {isa = PBXBuildFile; fileRef = 9D7082A829B8D34900846F55 /* Life.swift */; };
/* End PBXBuildFile section */

/* Begin PBXContainerItemProxy section */
		9D70828B29B8D1A100846F55 /* PBXContainerItemProxy */ = {
			isa = PBXContainerItemProxy;
			containerPortal = 9D70826D29B8D1A000846F55 /* Project object */;
			proxyType = 1;
			remoteGlobalIDString = 9D70827429B8D1A000846F55;
			remoteInfo = LifeProgress;
		};
		9D70829529B8D1A100846F55 /* PBXContainerItemProxy */ = {
			isa = PBXContainerItemProxy;
			containerPortal = 9D70826D29B8D1A000846F55 /* Project object */;
			proxyType = 1;
			remoteGlobalIDString = 9D70827429B8D1A000846F55;
			remoteInfo = LifeProgress;
		};
/* End PBXContainerItemProxy section */

/* Begin PBXFileReference section */
		9D6ECBBE29BA378C000DF545 /* AgeGroup.swift */ = {isa = PBXFileReference; lastKnownFileType = sourcecode.swift; path = AgeGroup.swift; sourceTree = "<group>"; };
		9D70827529B8D1A000846F55 /* LifeProgress.app */ = {isa = PBXFileReference; explicitFileType = wrapper.application; includeInIndex = 0; path = LifeProgress.app; sourceTree = BUILT_PRODUCTS_DIR; };
		9D70827829B8D1A000846F55 /* LifeProgressApp.swift */ = {isa = PBXFileReference; lastKnownFileType = sourcecode.swift; path = LifeProgressApp.swift; sourceTree = "<group>"; };
		9D70827A29B8D1A000846F55 /* ContentView.swift */ = {isa = PBXFileReference; lastKnownFileType = sourcecode.swift; path = ContentView.swift; sourceTree = "<group>"; };
		9D70827C29B8D1A100846F55 /* Assets.xcassets */ = {isa = PBXFileReference; lastKnownFileType = folder.assetcatalog; path = Assets.xcassets; sourceTree = "<group>"; };
		9D70827F29B8D1A100846F55 /* Preview Assets.xcassets */ = {isa = PBXFileReference; lastKnownFileType = folder.assetcatalog; path = "Preview Assets.xcassets"; sourceTree = "<group>"; };
		9D70828129B8D1A100846F55 /* Persistence.swift */ = {isa = PBXFileReference; lastKnownFileType = sourcecode.swift; path = Persistence.swift; sourceTree = "<group>"; };
		9D70828429B8D1A100846F55 /* LifeProgress.xcdatamodel */ = {isa = PBXFileReference; lastKnownFileType = wrapper.xcdatamodel; path = LifeProgress.xcdatamodel; sourceTree = "<group>"; };
		9D70828A29B8D1A100846F55 /* LifeProgressTests.xctest */ = {isa = PBXFileReference; explicitFileType = wrapper.cfbundle; includeInIndex = 0; path = LifeProgressTests.xctest; sourceTree = BUILT_PRODUCTS_DIR; };
		9D70828E29B8D1A100846F55 /* LifeProgressTests.swift */ = {isa = PBXFileReference; lastKnownFileType = sourcecode.swift; path = LifeProgressTests.swift; sourceTree = "<group>"; };
		9D70829429B8D1A100846F55 /* LifeProgressUITests.xctest */ = {isa = PBXFileReference; explicitFileType = wrapper.cfbundle; includeInIndex = 0; path = LifeProgressUITests.xctest; sourceTree = BUILT_PRODUCTS_DIR; };
		9D70829829B8D1A100846F55 /* LifeProgressUITests.swift */ = {isa = PBXFileReference; lastKnownFileType = sourcecode.swift; path = LifeProgressUITests.swift; sourceTree = "<group>"; };
		9D70829A29B8D1A100846F55 /* LifeProgressUITestsLaunchTests.swift */ = {isa = PBXFileReference; lastKnownFileType = sourcecode.swift; path = LifeProgressUITestsLaunchTests.swift; sourceTree = "<group>"; };
		9D7082A829B8D34900846F55 /* Life.swift */ = {isa = PBXFileReference; lastKnownFileType = sourcecode.swift; path = Life.swift; sourceTree = "<group>"; };
/* End PBXFileReference section */

/* Begin PBXFrameworksBuildPhase section */
		9D70827229B8D1A000846F55 /* Frameworks */ = {
			isa = PBXFrameworksBuildPhase;
			buildActionMask = 2147483647;
			files = (
			);
			runOnlyForDeploymentPostprocessing = 0;
		};
		9D70828729B8D1A100846F55 /* Frameworks */ = {
			isa = PBXFrameworksBuildPhase;
			buildActionMask = 2147483647;
			files = (
			);
			runOnlyForDeploymentPostprocessing = 0;
		};
		9D70829129B8D1A100846F55 /* Frameworks */ = {
			isa = PBXFrameworksBuildPhase;
			buildActionMask = 2147483647;
			files = (
			);
			runOnlyForDeploymentPostprocessing = 0;
		};
/* End PBXFrameworksBuildPhase section */

/* Begin PBXGroup section */
		9D70826C29B8D1A000846F55 = {
			isa = PBXGroup;
			children = (
				9D70827729B8D1A000846F55 /* LifeProgress */,
				9D70828D29B8D1A100846F55 /* LifeProgressTests */,
				9D70829729B8D1A100846F55 /* LifeProgressUITests */,
				9D70827629B8D1A000846F55 /* Products */,
			);
			sourceTree = "<group>";
		};
		9D70827629B8D1A000846F55 /* Products */ = {
			isa = PBXGroup;
			children = (
				9D70827529B8D1A000846F55 /* LifeProgress.app */,
				9D70828A29B8D1A100846F55 /* LifeProgressTests.xctest */,
				9D70829429B8D1A100846F55 /* LifeProgressUITests.xctest */,
			);
			name = Products;
			sourceTree = "<group>";
		};
		9D70827729B8D1A000846F55 /* LifeProgress */ = {
			isa = PBXGroup;
			children = (
				9D7082A729B8D32A00846F55 /* Models */,
				9D70827829B8D1A000846F55 /* LifeProgressApp.swift */,
				9D70827A29B8D1A000846F55 /* ContentView.swift */,
				9D70827C29B8D1A100846F55 /* Assets.xcassets */,
				9D70828129B8D1A100846F55 /* Persistence.swift */,
				9D70828329B8D1A100846F55 /* LifeProgress.xcdatamodeld */,
				9D70827E29B8D1A100846F55 /* Preview Content */,
			);
			path = LifeProgress;
			sourceTree = "<group>";
		};
		9D70827E29B8D1A100846F55 /* Preview Content */ = {
			isa = PBXGroup;
			children = (
				9D70827F29B8D1A100846F55 /* Preview Assets.xcassets */,
			);
			path = "Preview Content";
			sourceTree = "<group>";
		};
		9D70828D29B8D1A100846F55 /* LifeProgressTests */ = {
			isa = PBXGroup;
			children = (
				9D70828E29B8D1A100846F55 /* LifeProgressTests.swift */,
			);
			path = LifeProgressTests;
			sourceTree = "<group>";
		};
		9D70829729B8D1A100846F55 /* LifeProgressUITests */ = {
			isa = PBXGroup;
			children = (
				9D70829829B8D1A100846F55 /* LifeProgressUITests.swift */,
				9D70829A29B8D1A100846F55 /* LifeProgressUITestsLaunchTests.swift */,
			);
			path = LifeProgressUITests;
			sourceTree = "<group>";
		};
		9D7082A729B8D32A00846F55 /* Models */ = {
			isa = PBXGroup;
			children = (
				9D7082A829B8D34900846F55 /* Life.swift */,
				9D6ECBBE29BA378C000DF545 /* AgeGroup.swift */,
			);
			path = Models;
			sourceTree = "<group>";
		};
/* End PBXGroup section */

/* Begin PBXNativeTarget section */
		9D70827429B8D1A000846F55 /* LifeProgress */ = {
			isa = PBXNativeTarget;
			buildConfigurationList = 9D70829E29B8D1A100846F55 /* Build configuration list for PBXNativeTarget "LifeProgress" */;
			buildPhases = (
				9D70827129B8D1A000846F55 /* Sources */,
				9D70827229B8D1A000846F55 /* Frameworks */,
				9D70827329B8D1A000846F55 /* Resources */,
			);
			buildRules = (
			);
			dependencies = (
			);
			name = LifeProgress;
			productName = LifeProgress;
			productReference = 9D70827529B8D1A000846F55 /* LifeProgress.app */;
			productType = "com.apple.product-type.application";
		};
		9D70828929B8D1A100846F55 /* LifeProgressTests */ = {
			isa = PBXNativeTarget;
			buildConfigurationList = 9D7082A129B8D1A100846F55 /* Build configuration list for PBXNativeTarget "LifeProgressTests" */;
			buildPhases = (
				9D70828629B8D1A100846F55 /* Sources */,
				9D70828729B8D1A100846F55 /* Frameworks */,
				9D70828829B8D1A100846F55 /* Resources */,
			);
			buildRules = (
			);
			dependencies = (
				9D70828C29B8D1A100846F55 /* PBXTargetDependency */,
			);
			name = LifeProgressTests;
			productName = LifeProgressTests;
			productReference = 9D70828A29B8D1A100846F55 /* LifeProgressTests.xctest */;
			productType = "com.apple.product-type.bundle.unit-test";
		};
		9D70829329B8D1A100846F55 /* LifeProgressUITests */ = {
			isa = PBXNativeTarget;
			buildConfigurationList = 9D7082A429B8D1A100846F55 /* Build configuration list for PBXNativeTarget "LifeProgressUITests" */;
			buildPhases = (
				9D70829029B8D1A100846F55 /* Sources */,
				9D70829129B8D1A100846F55 /* Frameworks */,
				9D70829229B8D1A100846F55 /* Resources */,
			);
			buildRules = (
			);
			dependencies = (
				9D70829629B8D1A100846F55 /* PBXTargetDependency */,
			);
			name = LifeProgressUITests;
			productName = LifeProgressUITests;
			productReference = 9D70829429B8D1A100846F55 /* LifeProgressUITests.xctest */;
			productType = "com.apple.product-type.bundle.ui-testing";
		};
/* End PBXNativeTarget section */

/* Begin PBXProject section */
		9D70826D29B8D1A000846F55 /* Project object */ = {
			isa = PBXProject;
			attributes = {
				BuildIndependentTargetsInParallel = 1;
				LastSwiftUpdateCheck = 1420;
				LastUpgradeCheck = 1420;
				TargetAttributes = {
					9D70827429B8D1A000846F55 = {
						CreatedOnToolsVersion = 14.2;
					};
					9D70828929B8D1A100846F55 = {
						CreatedOnToolsVersion = 14.2;
						TestTargetID = 9D70827429B8D1A000846F55;
					};
					9D70829329B8D1A100846F55 = {
						CreatedOnToolsVersion = 14.2;
						TestTargetID = 9D70827429B8D1A000846F55;
					};
				};
			};
			buildConfigurationList = 9D70827029B8D1A000846F55 /* Build configuration list for PBXProject "LifeProgress" */;
			compatibilityVersion = "Xcode 14.0";
			developmentRegion = en;
			hasScannedForEncodings = 0;
			knownRegions = (
				en,
				Base,
			);
			mainGroup = 9D70826C29B8D1A000846F55;
			productRefGroup = 9D70827629B8D1A000846F55 /* Products */;
			projectDirPath = "";
			projectRoot = "";
			targets = (
				9D70827429B8D1A000846F55 /* LifeProgress */,
				9D70828929B8D1A100846F55 /* LifeProgressTests */,
				9D70829329B8D1A100846F55 /* LifeProgressUITests */,
			);
		};
/* End PBXProject section */

/* Begin PBXResourcesBuildPhase section */
		9D70827329B8D1A000846F55 /* Resources */ = {
			isa = PBXResourcesBuildPhase;
			buildActionMask = 2147483647;
			files = (
				9D70828029B8D1A100846F55 /* Preview Assets.xcassets in Resources */,
				9D70827D29B8D1A100846F55 /* Assets.xcassets in Resources */,
			);
			runOnlyForDeploymentPostprocessing = 0;
		};
		9D70828829B8D1A100846F55 /* Resources */ = {
			isa = PBXResourcesBuildPhase;
			buildActionMask = 2147483647;
			files = (
			);
			runOnlyForDeploymentPostprocessing = 0;
		};
		9D70829229B8D1A100846F55 /* Resources */ = {
			isa = PBXResourcesBuildPhase;
			buildActionMask = 2147483647;
			files = (
			);
			runOnlyForDeploymentPostprocessing = 0;
		};
/* End PBXResourcesBuildPhase section */

/* Begin PBXSourcesBuildPhase section */
		9D70827129B8D1A000846F55 /* Sources */ = {
			isa = PBXSourcesBuildPhase;
			buildActionMask = 2147483647;
			files = (
				9D70828229B8D1A100846F55 /* Persistence.swift in Sources */,
				9D70827B29B8D1A000846F55 /* ContentView.swift in Sources */,
				9D70828529B8D1A100846F55 /* LifeProgress.xcdatamodeld in Sources */,
				9D70827929B8D1A000846F55 /* LifeProgressApp.swift in Sources */,
				9D7082A929B8D34900846F55 /* Life.swift in Sources */,
				9D6ECBBF29BA378C000DF545 /* AgeGroup.swift in Sources */,
			);
			runOnlyForDeploymentPostprocessing = 0;
		};
		9D70828629B8D1A100846F55 /* Sources */ = {
			isa = PBXSourcesBuildPhase;
			buildActionMask = 2147483647;
			files = (
				9D70828F29B8D1A100846F55 /* LifeProgressTests.swift in Sources */,
			);
			runOnlyForDeploymentPostprocessing = 0;
		};
		9D70829029B8D1A100846F55 /* Sources */ = {
			isa = PBXSourcesBuildPhase;
			buildActionMask = 2147483647;
			files = (
				9D70829929B8D1A100846F55 /* LifeProgressUITests.swift in Sources */,
				9D70829B29B8D1A100846F55 /* LifeProgressUITestsLaunchTests.swift in Sources */,
			);
			runOnlyForDeploymentPostprocessing = 0;
		};
/* End PBXSourcesBuildPhase section */

/* Begin PBXTargetDependency section */
		9D70828C29B8D1A100846F55 /* PBXTargetDependency */ = {
			isa = PBXTargetDependency;
			target = 9D70827429B8D1A000846F55 /* LifeProgress */;
			targetProxy = 9D70828B29B8D1A100846F55 /* PBXContainerItemProxy */;
		};
		9D70829629B8D1A100846F55 /* PBXTargetDependency */ = {
			isa = PBXTargetDependency;
			target = 9D70827429B8D1A000846F55 /* LifeProgress */;
			targetProxy = 9D70829529B8D1A100846F55 /* PBXContainerItemProxy */;
		};
/* End PBXTargetDependency section */

/* Begin XCBuildConfiguration section */
		9D70829C29B8D1A100846F55 /* Debug */ = {
			isa = XCBuildConfiguration;
			buildSettings = {
				ALWAYS_SEARCH_USER_PATHS = NO;
				CLANG_ANALYZER_NONNULL = YES;
				CLANG_ANALYZER_NUMBER_OBJECT_CONVERSION = YES_AGGRESSIVE;
				CLANG_CXX_LANGUAGE_STANDARD = "gnu++20";
				CLANG_ENABLE_MODULES = YES;
				CLANG_ENABLE_OBJC_ARC = YES;
				CLANG_ENABLE_OBJC_WEAK = YES;
				CLANG_WARN_BLOCK_CAPTURE_AUTORELEASING = YES;
				CLANG_WARN_BOOL_CONVERSION = YES;
				CLANG_WARN_COMMA = YES;
				CLANG_WARN_CONSTANT_CONVERSION = YES;
				CLANG_WARN_DEPRECATED_OBJC_IMPLEMENTATIONS = YES;
				CLANG_WARN_DIRECT_OBJC_ISA_USAGE = YES_ERROR;
				CLANG_WARN_DOCUMENTATION_COMMENTS = YES;
				CLANG_WARN_EMPTY_BODY = YES;
				CLANG_WARN_ENUM_CONVERSION = YES;
				CLANG_WARN_INFINITE_RECURSION = YES;
				CLANG_WARN_INT_CONVERSION = YES;
				CLANG_WARN_NON_LITERAL_NULL_CONVERSION = YES;
				CLANG_WARN_OBJC_IMPLICIT_RETAIN_SELF = YES;
				CLANG_WARN_OBJC_LITERAL_CONVERSION = YES;
				CLANG_WARN_OBJC_ROOT_CLASS = YES_ERROR;
				CLANG_WARN_QUOTED_INCLUDE_IN_FRAMEWORK_HEADER = YES;
				CLANG_WARN_RANGE_LOOP_ANALYSIS = YES;
				CLANG_WARN_STRICT_PROTOTYPES = YES;
				CLANG_WARN_SUSPICIOUS_MOVE = YES;
				CLANG_WARN_UNGUARDED_AVAILABILITY = YES_AGGRESSIVE;
				CLANG_WARN_UNREACHABLE_CODE = YES;
				CLANG_WARN__DUPLICATE_METHOD_MATCH = YES;
				COPY_PHASE_STRIP = NO;
				DEBUG_INFORMATION_FORMAT = dwarf;
				ENABLE_STRICT_OBJC_MSGSEND = YES;
				ENABLE_TESTABILITY = YES;
				GCC_C_LANGUAGE_STANDARD = gnu11;
				GCC_DYNAMIC_NO_PIC = NO;
				GCC_NO_COMMON_BLOCKS = YES;
				GCC_OPTIMIZATION_LEVEL = 0;
				GCC_PREPROCESSOR_DEFINITIONS = (
					"DEBUG=1",
					"$(inherited)",
				);
				GCC_WARN_64_TO_32_BIT_CONVERSION = YES;
				GCC_WARN_ABOUT_RETURN_TYPE = YES_ERROR;
				GCC_WARN_UNDECLARED_SELECTOR = YES;
				GCC_WARN_UNINITIALIZED_AUTOS = YES_AGGRESSIVE;
				GCC_WARN_UNUSED_FUNCTION = YES;
				GCC_WARN_UNUSED_VARIABLE = YES;
				IPHONEOS_DEPLOYMENT_TARGET = 16.2;
				MTL_ENABLE_DEBUG_INFO = INCLUDE_SOURCE;
				MTL_FAST_MATH = YES;
				ONLY_ACTIVE_ARCH = YES;
				SDKROOT = iphoneos;
				SWIFT_ACTIVE_COMPILATION_CONDITIONS = DEBUG;
				SWIFT_OPTIMIZATION_LEVEL = "-Onone";
			};
			name = Debug;
		};
		9D70829D29B8D1A100846F55 /* Release */ = {
			isa = XCBuildConfiguration;
			buildSettings = {
				ALWAYS_SEARCH_USER_PATHS = NO;
				CLANG_ANALYZER_NONNULL = YES;
				CLANG_ANALYZER_NUMBER_OBJECT_CONVERSION = YES_AGGRESSIVE;
				CLANG_CXX_LANGUAGE_STANDARD = "gnu++20";
				CLANG_ENABLE_MODULES = YES;
				CLANG_ENABLE_OBJC_ARC = YES;
				CLANG_ENABLE_OBJC_WEAK = YES;
				CLANG_WARN_BLOCK_CAPTURE_AUTORELEASING = YES;
				CLANG_WARN_BOOL_CONVERSION = YES;
				CLANG_WARN_COMMA = YES;
				CLANG_WARN_CONSTANT_CONVERSION = YES;
				CLANG_WARN_DEPRECATED_OBJC_IMPLEMENTATIONS = YES;
				CLANG_WARN_DIRECT_OBJC_ISA_USAGE = YES_ERROR;
				CLANG_WARN_DOCUMENTATION_COMMENTS = YES;
				CLANG_WARN_EMPTY_BODY = YES;
				CLANG_WARN_ENUM_CONVERSION = YES;
				CLANG_WARN_INFINITE_RECURSION = YES;
				CLANG_WARN_INT_CONVERSION = YES;
				CLANG_WARN_NON_LITERAL_NULL_CONVERSION = YES;
				CLANG_WARN_OBJC_IMPLICIT_RETAIN_SELF = YES;
				CLANG_WARN_OBJC_LITERAL_CONVERSION = YES;
				CLANG_WARN_OBJC_ROOT_CLASS = YES_ERROR;
				CLANG_WARN_QUOTED_INCLUDE_IN_FRAMEWORK_HEADER = YES;
				CLANG_WARN_RANGE_LOOP_ANALYSIS = YES;
				CLANG_WARN_STRICT_PROTOTYPES = YES;
				CLANG_WARN_SUSPICIOUS_MOVE = YES;
				CLANG_WARN_UNGUARDED_AVAILABILITY = YES_AGGRESSIVE;
				CLANG_WARN_UNREACHABLE_CODE = YES;
				CLANG_WARN__DUPLICATE_METHOD_MATCH = YES;
				COPY_PHASE_STRIP = NO;
				DEBUG_INFORMATION_FORMAT = "dwarf-with-dsym";
				ENABLE_NS_ASSERTIONS = NO;
				ENABLE_STRICT_OBJC_MSGSEND = YES;
				GCC_C_LANGUAGE_STANDARD = gnu11;
				GCC_NO_COMMON_BLOCKS = YES;
				GCC_WARN_64_TO_32_BIT_CONVERSION = YES;
				GCC_WARN_ABOUT_RETURN_TYPE = YES_ERROR;
				GCC_WARN_UNDECLARED_SELECTOR = YES;
				GCC_WARN_UNINITIALIZED_AUTOS = YES_AGGRESSIVE;
				GCC_WARN_UNUSED_FUNCTION = YES;
				GCC_WARN_UNUSED_VARIABLE = YES;
				IPHONEOS_DEPLOYMENT_TARGET = 16.2;
				MTL_ENABLE_DEBUG_INFO = NO;
				MTL_FAST_MATH = YES;
				SDKROOT = iphoneos;
				SWIFT_COMPILATION_MODE = wholemodule;
				SWIFT_OPTIMIZATION_LEVEL = "-O";
				VALIDATE_PRODUCT = YES;
			};
			name = Release;
		};
		9D70829F29B8D1A100846F55 /* Debug */ = {
			isa = XCBuildConfiguration;
			buildSettings = {
				ASSETCATALOG_COMPILER_APPICON_NAME = AppIcon;
				ASSETCATALOG_COMPILER_GLOBAL_ACCENT_COLOR_NAME = AccentColor;
				CODE_SIGN_STYLE = Automatic;
				CURRENT_PROJECT_VERSION = 1;
				DEVELOPMENT_ASSET_PATHS = "\"LifeProgress/Preview Content\"";
				ENABLE_PREVIEWS = YES;
				GENERATE_INFOPLIST_FILE = YES;
				INFOPLIST_KEY_UIApplicationSceneManifest_Generation = YES;
				INFOPLIST_KEY_UIApplicationSupportsIndirectInputEvents = YES;
				INFOPLIST_KEY_UILaunchScreen_Generation = YES;
				INFOPLIST_KEY_UISupportedInterfaceOrientations_iPad = "UIInterfaceOrientationPortrait UIInterfaceOrientationPortraitUpsideDown UIInterfaceOrientationLandscapeLeft UIInterfaceOrientationLandscapeRight";
				INFOPLIST_KEY_UISupportedInterfaceOrientations_iPhone = "UIInterfaceOrientationPortrait UIInterfaceOrientationLandscapeLeft UIInterfaceOrientationLandscapeRight";
				LD_RUNPATH_SEARCH_PATHS = (
					"$(inherited)",
					"@executable_path/Frameworks",
				);
				MARKETING_VERSION = 1.0;
				PRODUCT_BUNDLE_IDENTIFIER = com.bartozo.LifeProgress;
				PRODUCT_NAME = "$(TARGET_NAME)";
				SWIFT_EMIT_LOC_STRINGS = YES;
				SWIFT_VERSION = 5.0;
				TARGETED_DEVICE_FAMILY = "1,2";
			};
			name = Debug;
		};
		9D7082A029B8D1A100846F55 /* Release */ = {
			isa = XCBuildConfiguration;
			buildSettings = {
				ASSETCATALOG_COMPILER_APPICON_NAME = AppIcon;
				ASSETCATALOG_COMPILER_GLOBAL_ACCENT_COLOR_NAME = AccentColor;
				CODE_SIGN_STYLE = Automatic;
				CURRENT_PROJECT_VERSION = 1;
				DEVELOPMENT_ASSET_PATHS = "\"LifeProgress/Preview Content\"";
				ENABLE_PREVIEWS = YES;
				GENERATE_INFOPLIST_FILE = YES;
				INFOPLIST_KEY_UIApplicationSceneManifest_Generation = YES;
				INFOPLIST_KEY_UIApplicationSupportsIndirectInputEvents = YES;
				INFOPLIST_KEY_UILaunchScreen_Generation = YES;
				INFOPLIST_KEY_UISupportedInterfaceOrientations_iPad = "UIInterfaceOrientationPortrait UIInterfaceOrientationPortraitUpsideDown UIInterfaceOrientationLandscapeLeft UIInterfaceOrientationLandscapeRight";
				INFOPLIST_KEY_UISupportedInterfaceOrientations_iPhone = "UIInterfaceOrientationPortrait UIInterfaceOrientationLandscapeLeft UIInterfaceOrientationLandscapeRight";
				LD_RUNPATH_SEARCH_PATHS = (
					"$(inherited)",
					"@executable_path/Frameworks",
				);
				MARKETING_VERSION = 1.0;
				PRODUCT_BUNDLE_IDENTIFIER = com.bartozo.LifeProgress;
				PRODUCT_NAME = "$(TARGET_NAME)";
				SWIFT_EMIT_LOC_STRINGS = YES;
				SWIFT_VERSION = 5.0;
				TARGETED_DEVICE_FAMILY = "1,2";
			};
			name = Release;
		};
		9D7082A229B8D1A100846F55 /* Debug */ = {
			isa = XCBuildConfiguration;
			buildSettings = {
				ALWAYS_EMBED_SWIFT_STANDARD_LIBRARIES = YES;
				BUNDLE_LOADER = "$(TEST_HOST)";
				CODE_SIGN_STYLE = Automatic;
				CURRENT_PROJECT_VERSION = 1;
				GENERATE_INFOPLIST_FILE = YES;
				IPHONEOS_DEPLOYMENT_TARGET = 16.2;
				MARKETING_VERSION = 1.0;
				PRODUCT_BUNDLE_IDENTIFIER = com.bartozo.LifeProgressTests;
				PRODUCT_NAME = "$(TARGET_NAME)";
				SWIFT_EMIT_LOC_STRINGS = NO;
				SWIFT_VERSION = 5.0;
				TARGETED_DEVICE_FAMILY = "1,2";
				TEST_HOST = "$(BUILT_PRODUCTS_DIR)/LifeProgress.app/$(BUNDLE_EXECUTABLE_FOLDER_PATH)/LifeProgress";
			};
			name = Debug;
		};
		9D7082A329B8D1A100846F55 /* Release */ = {
			isa = XCBuildConfiguration;
			buildSettings = {
				ALWAYS_EMBED_SWIFT_STANDARD_LIBRARIES = YES;
				BUNDLE_LOADER = "$(TEST_HOST)";
				CODE_SIGN_STYLE = Automatic;
				CURRENT_PROJECT_VERSION = 1;
				GENERATE_INFOPLIST_FILE = YES;
				IPHONEOS_DEPLOYMENT_TARGET = 16.2;
				MARKETING_VERSION = 1.0;
				PRODUCT_BUNDLE_IDENTIFIER = com.bartozo.LifeProgressTests;
				PRODUCT_NAME = "$(TARGET_NAME)";
				SWIFT_EMIT_LOC_STRINGS = NO;
				SWIFT_VERSION = 5.0;
				TARGETED_DEVICE_FAMILY = "1,2";
				TEST_HOST = "$(BUILT_PRODUCTS_DIR)/LifeProgress.app/$(BUNDLE_EXECUTABLE_FOLDER_PATH)/LifeProgress";
			};
			name = Release;
		};
		9D7082A529B8D1A100846F55 /* Debug */ = {
			isa = XCBuildConfiguration;
			buildSettings = {
				ALWAYS_EMBED_SWIFT_STANDARD_LIBRARIES = YES;
				CODE_SIGN_STYLE = Automatic;
				CURRENT_PROJECT_VERSION = 1;
				GENERATE_INFOPLIST_FILE = YES;
				MARKETING_VERSION = 1.0;
				PRODUCT_BUNDLE_IDENTIFIER = com.bartozo.LifeProgressUITests;
				PRODUCT_NAME = "$(TARGET_NAME)";
				SWIFT_EMIT_LOC_STRINGS = NO;
				SWIFT_VERSION = 5.0;
				TARGETED_DEVICE_FAMILY = "1,2";
				TEST_TARGET_NAME = LifeProgress;
			};
			name = Debug;
		};
		9D7082A629B8D1A100846F55 /* Release */ = {
			isa = XCBuildConfiguration;
			buildSettings = {
				ALWAYS_EMBED_SWIFT_STANDARD_LIBRARIES = YES;
				CODE_SIGN_STYLE = Automatic;
				CURRENT_PROJECT_VERSION = 1;
				GENERATE_INFOPLIST_FILE = YES;
				MARKETING_VERSION = 1.0;
				PRODUCT_BUNDLE_IDENTIFIER = com.bartozo.LifeProgressUITests;
				PRODUCT_NAME = "$(TARGET_NAME)";
				SWIFT_EMIT_LOC_STRINGS = NO;
				SWIFT_VERSION = 5.0;
				TARGETED_DEVICE_FAMILY = "1,2";
				TEST_TARGET_NAME = LifeProgress;
			};
			name = Release;
		};
/* End XCBuildConfiguration section */

/* Begin XCConfigurationList section */
		9D70827029B8D1A000846F55 /* Build configuration list for PBXProject "LifeProgress" */ = {
			isa = XCConfigurationList;
			buildConfigurations = (
				9D70829C29B8D1A100846F55 /* Debug */,
				9D70829D29B8D1A100846F55 /* Release */,
			);
			defaultConfigurationIsVisible = 0;
			defaultConfigurationName = Release;
		};
		9D70829E29B8D1A100846F55 /* Build configuration list for PBXNativeTarget "LifeProgress" */ = {
			isa = XCConfigurationList;
			buildConfigurations = (
				9D70829F29B8D1A100846F55 /* Debug */,
				9D7082A029B8D1A100846F55 /* Release */,
			);
			defaultConfigurationIsVisible = 0;
			defaultConfigurationName = Release;
		};
		9D7082A129B8D1A100846F55 /* Build configuration list for PBXNativeTarget "LifeProgressTests" */ = {
			isa = XCConfigurationList;
			buildConfigurations = (
				9D7082A229B8D1A100846F55 /* Debug */,
				9D7082A329B8D1A100846F55 /* Release */,
			);
			defaultConfigurationIsVisible = 0;
			defaultConfigurationName = Release;
		};
		9D7082A429B8D1A100846F55 /* Build configuration list for PBXNativeTarget "LifeProgressUITests" */ = {
			isa = XCConfigurationList;
			buildConfigurations = (
				9D7082A529B8D1A100846F55 /* Debug */,
				9D7082A629B8D1A100846F55 /* Release */,
			);
			defaultConfigurationIsVisible = 0;
			defaultConfigurationName = Release;
		};
/* End XCConfigurationList section */

/* Begin XCVersionGroup section */
		9D70828329B8D1A100846F55 /* LifeProgress.xcdatamodeld */ = {
			isa = XCVersionGroup;
			children = (
				9D70828429B8D1A100846F55 /* LifeProgress.xcdatamodel */,
			);
			currentVersion = 9D70828429B8D1A100846F55 /* LifeProgress.xcdatamodel */;
			path = LifeProgress.xcdatamodeld;
			sourceTree = "<group>";
			versionGroupType = wrapper.xcdatamodel;
		};
/* End XCVersionGroup section */
	};
	rootObject = 9D70826D29B8D1A000846F55 /* Project object */;
}
