// !$*UTF8*$!
{
	archiveVersion = 1;
	classes = {
	};
	objectVersion = 56;
	objects = {

/* Begin PBXBuildFile section */
		9D04CAAD2A7516E7007C678D /* LifeCalendarTests.swift in Sources */ = {isa = PBXBuildFile; fileRef = 9D04CAAC2A7516E7007C678D /* LifeCalendarTests.swift */; };
		9D156C3F29D0AC0B00F2C992 /* UserSettingsClient.swift in Sources */ = {isa = PBXBuildFile; fileRef = 9D156C3E29D0AC0B00F2C992 /* UserSettingsClient.swift */; };
		9D2045912A056E0100CAAAC6 /* TelemetryClient in Frameworks */ = {isa = PBXBuildFile; productRef = 9D2045902A056E0100CAAAC6 /* TelemetryClient */; };
		9D2045932A057A8200CAAAC6 /* AnalyticsClient.swift in Sources */ = {isa = PBXBuildFile; fileRef = 9D2045922A057A8200CAAAC6 /* AnalyticsClient.swift */; };
		9D3B855D29FD1AAD0026D814 /* CoreDataManager.swift in Sources */ = {isa = PBXBuildFile; fileRef = 9D3B855C29FD1AAD0026D814 /* CoreDataManager.swift */; };
		9D3B855F29FD1C840026D814 /* LifeGoalEntity.swift in Sources */ = {isa = PBXBuildFile; fileRef = 9D3B855E29FD1C840026D814 /* LifeGoalEntity.swift */; };
		9D3B856129FD1D600026D814 /* LifeGoal.swift in Sources */ = {isa = PBXBuildFile; fileRef = 9D3B856029FD1D600026D814 /* LifeGoal.swift */; };
		9D4110492A4821A10069DFED /* SFSymbolPickerTests.swift in Sources */ = {isa = PBXBuildFile; fileRef = 9D4110482A4821A10069DFED /* SFSymbolPickerTests.swift */; };
		9D41104C2A4828DF0069DFED /* ConfettiTests.swift in Sources */ = {isa = PBXBuildFile; fileRef = 9D41104B2A4828DF0069DFED /* ConfettiTests.swift */; };
		9D46DCD329D839E900331456 /* AboutTheAppStore.swift in Sources */ = {isa = PBXBuildFile; fileRef = 9D46DCD229D839E900331456 /* AboutTheAppStore.swift */; };
		9D4C753629EBF6C0007FFCBC /* SFSymbolPickerStore.swift in Sources */ = {isa = PBXBuildFile; fileRef = 9D4C753529EBF6C0007FFCBC /* SFSymbolPickerStore.swift */; };
		9D4C753829EBF6CB007FFCBC /* SFSymbolPickerView.swift in Sources */ = {isa = PBXBuildFile; fileRef = 9D4C753729EBF6CB007FFCBC /* SFSymbolPickerView.swift */; };
		9D4C753A29EBFFBE007FFCBC /* LifeGoalsClient.swift in Sources */ = {isa = PBXBuildFile; fileRef = 9D4C753929EBFFBE007FFCBC /* LifeGoalsClient.swift */; };
		9D556A972A628D1D00A7E8F3 /* IAPTests.swift in Sources */ = {isa = PBXBuildFile; fileRef = 9D556A962A628D1D00A7E8F3 /* IAPTests.swift */; };
		9D5F8E0C2A66C72200867D1F /* ThemeTests.swift in Sources */ = {isa = PBXBuildFile; fileRef = 9D5F8E0B2A66C72200867D1F /* ThemeTests.swift */; };
		9D5FB3CB2A321A7C000E69D7 /* Life-Progress---Calendar-Info.plist in Resources */ = {isa = PBXBuildFile; fileRef = 9D813B292A04005A0054020F /* Life-Progress---Calendar-Info.plist */; };
		9D62261829D9546B000C1EA8 /* AboutTheAppView.swift in Sources */ = {isa = PBXBuildFile; fileRef = 9D62261729D9546B000C1EA8 /* AboutTheAppView.swift */; };
		9D660B7D29EA998900AE2445 /* SymbolPicker in Frameworks */ = {isa = PBXBuildFile; productRef = 9D660B7C29EA998900AE2445 /* SymbolPicker */; };
		9D660B8029EAA30B00AE2445 /* DatePickerStore.swift in Sources */ = {isa = PBXBuildFile; fileRef = 9D660B7F29EAA30B00AE2445 /* DatePickerStore.swift */; };
		9D660B8229EAA31500AE2445 /* DatePickerView.swift in Sources */ = {isa = PBXBuildFile; fileRef = 9D660B8129EAA31500AE2445 /* DatePickerView.swift */; };
		9D6C5E6E2A02A37F0024F11F /* OnboardingNotificationsView.swift in Sources */ = {isa = PBXBuildFile; fileRef = 9D6C5E6D2A02A37F0024F11F /* OnboardingNotificationsView.swift */; };
		9D6ECBBF29BA378C000DF545 /* AgeGroup.swift in Sources */ = {isa = PBXBuildFile; fileRef = 9D6ECBBE29BA378C000DF545 /* AgeGroup.swift */; };
		9D6ECBC229BA4EF9000DF545 /* ComposableArchitecture in Frameworks */ = {isa = PBXBuildFile; productRef = 9D6ECBC129BA4EF9000DF545 /* ComposableArchitecture */; };
		9D6ECBC729BA5345000DF545 /* LifeCalendarStore.swift in Sources */ = {isa = PBXBuildFile; fileRef = 9D6ECBC629BA5345000DF545 /* LifeCalendarStore.swift */; };
		9D70827929B8D1A000846F55 /* LifeProgressApp.swift in Sources */ = {isa = PBXBuildFile; fileRef = 9D70827829B8D1A000846F55 /* LifeProgressApp.swift */; };
		9D70827D29B8D1A100846F55 /* Assets.xcassets in Resources */ = {isa = PBXBuildFile; fileRef = 9D70827C29B8D1A100846F55 /* Assets.xcassets */; };
		9D70828029B8D1A100846F55 /* Preview Assets.xcassets in Resources */ = {isa = PBXBuildFile; fileRef = 9D70827F29B8D1A100846F55 /* Preview Assets.xcassets */; };
		9D70828529B8D1A100846F55 /* LifeProgress.xcdatamodeld in Sources */ = {isa = PBXBuildFile; fileRef = 9D70828329B8D1A100846F55 /* LifeProgress.xcdatamodeld */; };
		9D70829929B8D1A100846F55 /* LifeProgressUITests.swift in Sources */ = {isa = PBXBuildFile; fileRef = 9D70829829B8D1A100846F55 /* LifeProgressUITests.swift */; };
		9D70829B29B8D1A100846F55 /* LifeProgressUITestsLaunchTests.swift in Sources */ = {isa = PBXBuildFile; fileRef = 9D70829A29B8D1A100846F55 /* LifeProgressUITestsLaunchTests.swift */; };
		9D7082A929B8D34900846F55 /* Life.swift in Sources */ = {isa = PBXBuildFile; fileRef = 9D7082A829B8D34900846F55 /* Life.swift */; };
		9D70DC352A00FAFC000C2AF0 /* IAPClient.swift in Sources */ = {isa = PBXBuildFile; fileRef = 9D70DC342A00FAFC000C2AF0 /* IAPClient.swift */; };
		9D70DC382A00FC97000C2AF0 /* IAPStore.swift in Sources */ = {isa = PBXBuildFile; fileRef = 9D70DC372A00FC97000C2AF0 /* IAPStore.swift */; };
		9D70DC3A2A00FCA0000C2AF0 /* IAPView.swift in Sources */ = {isa = PBXBuildFile; fileRef = 9D70DC392A00FCA0000C2AF0 /* IAPView.swift */; };
		9D70DC3D2A010291000C2AF0 /* Configuration.storekit in Resources */ = {isa = PBXBuildFile; fileRef = 9D70DC3C2A010291000C2AF0 /* Configuration.storekit */; };
		9D70DC3E2A010291000C2AF0 /* Configuration.storekit in Resources */ = {isa = PBXBuildFile; fileRef = 9D70DC3C2A010291000C2AF0 /* Configuration.storekit */; };
		9D7CCA7D29DC7BBF008CA928 /* NSUbiquitousKeyValueStoreHelper.swift in Sources */ = {isa = PBXBuildFile; fileRef = 9D7CCA7C29DC7BBF008CA928 /* NSUbiquitousKeyValueStoreHelper.swift */; };
		9D7CCA7F29DCA04D008CA928 /* NSUbiquitousKeyValueStore+Extension.swift in Sources */ = {isa = PBXBuildFile; fileRef = 9D7CCA7E29DCA04D008CA928 /* NSUbiquitousKeyValueStore+Extension.swift */; };
		9D7CE5C329BFA45900B57F90 /* LifeExpectancyStore.swift in Sources */ = {isa = PBXBuildFile; fileRef = 9D7CE5C229BFA45900B57F90 /* LifeExpectancyStore.swift */; };
		9D7CE5C529BFA5ED00B57F90 /* LifeExpectancyView.swift in Sources */ = {isa = PBXBuildFile; fileRef = 9D7CE5C429BFA5ED00B57F90 /* LifeExpectancyView.swift */; };
		9D8041422A0263F200E3B74A /* OnboardingStore.swift in Sources */ = {isa = PBXBuildFile; fileRef = 9D8041412A0263F200E3B74A /* OnboardingStore.swift */; };
		9D8041442A02640000E3B74A /* OnboardingView.swift in Sources */ = {isa = PBXBuildFile; fileRef = 9D8041432A02640000E3B74A /* OnboardingView.swift */; };
		9D80414A2A0268B200E3B74A /* OnboardingBirthdayView.swift in Sources */ = {isa = PBXBuildFile; fileRef = 9D8041492A0268B200E3B74A /* OnboardingBirthdayView.swift */; };
		9D80414C2A026BD000E3B74A /* OnboardingLifeExpectancyView.swift in Sources */ = {isa = PBXBuildFile; fileRef = 9D80414B2A026BD000E3B74A /* OnboardingLifeExpectancyView.swift */; };
		9D813B152A039AA20054020F /* OnboardingAboutView.swift in Sources */ = {isa = PBXBuildFile; fileRef = 9D813B142A039AA20054020F /* OnboardingAboutView.swift */; };
		9D813B182A039B710054020F /* About.swift in Sources */ = {isa = PBXBuildFile; fileRef = 9D813B172A039B710054020F /* About.swift */; };
		9D813B1E2A03A76A0054020F /* UserDefaultsHelper.swift in Sources */ = {isa = PBXBuildFile; fileRef = 9D813B1C2A03A7250054020F /* UserDefaultsHelper.swift */; };
		9D813B1F2A03A7CC0054020F /* UserDefaultsHelper.swift in Sources */ = {isa = PBXBuildFile; fileRef = 9D813B1C2A03A7250054020F /* UserDefaultsHelper.swift */; };
		9D813B222A03C99D0054020F /* DeveloperStore.swift in Sources */ = {isa = PBXBuildFile; fileRef = 9D813B212A03C99D0054020F /* DeveloperStore.swift */; };
		9D813B262A03CCE60054020F /* DeveloperView.swift in Sources */ = {isa = PBXBuildFile; fileRef = 9D813B252A03CCE60054020F /* DeveloperView.swift */; };
		9D813B282A03E8F10054020F /* OnboardingCompletedView.swift in Sources */ = {isa = PBXBuildFile; fileRef = 9D813B272A03E8F10054020F /* OnboardingCompletedView.swift */; };
		9D8272412A73A9680001925C /* AddOrEditLifeGoalTests.swift in Sources */ = {isa = PBXBuildFile; fileRef = 9D8272402A73A9680001925C /* AddOrEditLifeGoalTests.swift */; };
		9D8322052A3D9B0300A66037 /* DeveloperTests.swift in Sources */ = {isa = PBXBuildFile; fileRef = 9D8322042A3D9B0300A66037 /* DeveloperTests.swift */; };
		9D8322092A3DAE5A00A66037 /* LifeExpectancyTests.swift in Sources */ = {isa = PBXBuildFile; fileRef = 9D8322082A3DAE5A00A66037 /* LifeExpectancyTests.swift */; };
		9D869C8329E3174600841A47 /* LifeProgressWidget.swift in Sources */ = {isa = PBXBuildFile; fileRef = 9D869C8229E3174600841A47 /* LifeProgressWidget.swift */; };
		9D869C8529E3175000841A47 /* YearProgressWidget.swift in Sources */ = {isa = PBXBuildFile; fileRef = 9D869C8429E3175000841A47 /* YearProgressWidget.swift */; };
		9D869C8D29E31D0D00841A47 /* SimplifiedYearCalendarView.swift in Sources */ = {isa = PBXBuildFile; fileRef = 9D869C8C29E31D0D00841A47 /* SimplifiedYearCalendarView.swift */; };
		9D869C8E29E31D0D00841A47 /* SimplifiedYearCalendarView.swift in Sources */ = {isa = PBXBuildFile; fileRef = 9D869C8C29E31D0D00841A47 /* SimplifiedYearCalendarView.swift */; };
		9D877C492A3F55F700CC0562 /* DatePickerTests.swift in Sources */ = {isa = PBXBuildFile; fileRef = 9D877C482A3F55F700CC0562 /* DatePickerTests.swift */; };
		9DA378D029E19B9000074F01 /* WidgetKit.framework in Frameworks */ = {isa = PBXBuildFile; fileRef = 9DA378CF29E19B9000074F01 /* WidgetKit.framework */; };
		9DA378D229E19B9000074F01 /* SwiftUI.framework in Frameworks */ = {isa = PBXBuildFile; fileRef = 9DA378D129E19B9000074F01 /* SwiftUI.framework */; };
		9DA378D529E19B9000074F01 /* LifeProgressWidgetBundle.swift in Sources */ = {isa = PBXBuildFile; fileRef = 9DA378D429E19B9000074F01 /* LifeProgressWidgetBundle.swift */; };
		9DA378D929E19B9100074F01 /* Assets.xcassets in Resources */ = {isa = PBXBuildFile; fileRef = 9DA378D829E19B9100074F01 /* Assets.xcassets */; };
		9DA378DD29E19B9100074F01 /* LifeProgressWidgetExtension.appex in Embed Foundation Extensions */ = {isa = PBXBuildFile; fileRef = 9DA378CD29E19B9000074F01 /* LifeProgressWidgetExtension.appex */; settings = {ATTRIBUTES = (RemoveHeadersOnCopy, ); }; };
		9DA378E229E1A1E400074F01 /* Life.swift in Sources */ = {isa = PBXBuildFile; fileRef = 9D7082A829B8D34900846F55 /* Life.swift */; };
		9DA378E329E1A70E00074F01 /* UserSettingsClient.swift in Sources */ = {isa = PBXBuildFile; fileRef = 9D156C3E29D0AC0B00F2C992 /* UserSettingsClient.swift */; };
		9DA378E529E1AA5000074F01 /* Date+Extension.swift in Sources */ = {isa = PBXBuildFile; fileRef = 9DA378E429E1AA5000074F01 /* Date+Extension.swift */; };
		9DA378E629E1AA7200074F01 /* Date+Extension.swift in Sources */ = {isa = PBXBuildFile; fileRef = 9DA378E429E1AA5000074F01 /* Date+Extension.swift */; };
		9DA378E729E1AC4B00074F01 /* Theme.swift in Sources */ = {isa = PBXBuildFile; fileRef = 9DC5B6A229C4FBB400E2A4FA /* Theme.swift */; };
		9DA378E929E1AC6F00074F01 /* NSUbiquitousKeyValueStore+Extension.swift in Sources */ = {isa = PBXBuildFile; fileRef = 9D7CCA7E29DCA04D008CA928 /* NSUbiquitousKeyValueStore+Extension.swift */; };
		9DA378EA29E1AC7000074F01 /* NSUbiquitousKeyValueStoreHelper.swift in Sources */ = {isa = PBXBuildFile; fileRef = 9D7CCA7C29DC7BBF008CA928 /* NSUbiquitousKeyValueStoreHelper.swift */; };
		9DA378EC29E1B11D00074F01 /* ComposableArchitecture in Frameworks */ = {isa = PBXBuildFile; productRef = 9DA378EB29E1B11D00074F01 /* ComposableArchitecture */; };
		9DA378F029E1C2DE00074F01 /* SimplifiedLifeCalendarView.swift in Sources */ = {isa = PBXBuildFile; fileRef = 9DEBBBA329CF4EB7008CE08C /* SimplifiedLifeCalendarView.swift */; };
		9DA378F129E1C39800074F01 /* AgeGroup.swift in Sources */ = {isa = PBXBuildFile; fileRef = 9D6ECBBE29BA378C000DF545 /* AgeGroup.swift */; };
		9DACC2D529D34EDF00AA48CE /* LifeProgressView.swift in Sources */ = {isa = PBXBuildFile; fileRef = 9DACC2D429D34EDF00AA48CE /* LifeProgressView.swift */; };
		9DB6D11829C216A300265C2E /* ThemeStore.swift in Sources */ = {isa = PBXBuildFile; fileRef = 9DB6D11729C216A300265C2E /* ThemeStore.swift */; };
		9DB6D11A29C216B800265C2E /* ThemeView.swift in Sources */ = {isa = PBXBuildFile; fileRef = 9DB6D11929C216B800265C2E /* ThemeView.swift */; };
		9DB996962A050930004EF0FF /* NotificationsClient.swift in Sources */ = {isa = PBXBuildFile; fileRef = 9DB996952A050930004EF0FF /* NotificationsClient.swift */; };
		9DB9F3AC2A3DEEBC001AF6D4 /* BirthdayTests.swift in Sources */ = {isa = PBXBuildFile; fileRef = 9DB9F3AB2A3DEEBC001AF6D4 /* BirthdayTests.swift */; };
		9DB9F3AF2A3DF8B7001AF6D4 /* WeeklyNotificationTests.swift in Sources */ = {isa = PBXBuildFile; fileRef = 9DB9F3AE2A3DF8B7001AF6D4 /* WeeklyNotificationTests.swift */; };
		9DC5B69F29C4F87B00E2A4FA /* RootStore.swift in Sources */ = {isa = PBXBuildFile; fileRef = 9DC5B69E29C4F87B00E2A4FA /* RootStore.swift */; };
		9DC5B6A129C4F88300E2A4FA /* RootView.swift in Sources */ = {isa = PBXBuildFile; fileRef = 9DC5B6A029C4F88300E2A4FA /* RootView.swift */; };
		9DC5B6A329C4FBB400E2A4FA /* Theme.swift in Sources */ = {isa = PBXBuildFile; fileRef = 9DC5B6A229C4FBB400E2A4FA /* Theme.swift */; };
		9DC634512A22370C00BC55CB /* WhatsNewKit in Frameworks */ = {isa = PBXBuildFile; productRef = 9DC634502A22370C00BC55CB /* WhatsNewKit */; };
		9DC634552A2249E400BC55CB /* RootView+WhatsNewCollectionProvider.swift in Sources */ = {isa = PBXBuildFile; fileRef = 9DC634542A2249E400BC55CB /* RootView+WhatsNewCollectionProvider.swift */; };
		9DC756A82A73D7AE00E6F3F1 /* LifeGoalsTests.swift in Sources */ = {isa = PBXBuildFile; fileRef = 9DC756A72A73D7AE00E6F3F1 /* LifeGoalsTests.swift */; };
		9DC9B71229BDE8590088D6F9 /* BirthdayStore.swift in Sources */ = {isa = PBXBuildFile; fileRef = 9DC9B71129BDE8590088D6F9 /* BirthdayStore.swift */; };
		9DC9B71429BDEA610088D6F9 /* BirthdayView.swift in Sources */ = {isa = PBXBuildFile; fileRef = 9DC9B71329BDEA610088D6F9 /* BirthdayView.swift */; };
		9DC9B71729BE052B0088D6F9 /* DateFormatters.swift in Sources */ = {isa = PBXBuildFile; fileRef = 9DC9B71629BE052B0088D6F9 /* DateFormatters.swift */; };
		9DCC207D2A0132E700D151F0 /* PremiumCell.swift in Sources */ = {isa = PBXBuildFile; fileRef = 9DCC207C2A0132E700D151F0 /* PremiumCell.swift */; };
		9DCC20812A013DBE00D151F0 /* Feature.swift in Sources */ = {isa = PBXBuildFile; fileRef = 9DCC20802A013DBE00D151F0 /* Feature.swift */; };
		9DCF41F329BB94D300F30BB3 /* LifeCalendarView.swift in Sources */ = {isa = PBXBuildFile; fileRef = 9DCF41F229BB94D300F30BB3 /* LifeCalendarView.swift */; };
		9DCF41F629BB991E00F30BB3 /* CalendarWithoutCurrentYear.swift in Sources */ = {isa = PBXBuildFile; fileRef = 9DCF41F529BB991E00F30BB3 /* CalendarWithoutCurrentYear.swift */; };
		9DCF41F829BB993200F30BB3 /* CalendarWithCurrentYear.swift in Sources */ = {isa = PBXBuildFile; fileRef = 9DCF41F729BB993200F30BB3 /* CalendarWithCurrentYear.swift */; };
		9DD720F929BFB35C00634AB2 /* SettingsView.swift in Sources */ = {isa = PBXBuildFile; fileRef = 9DD720F829BFB35C00634AB2 /* SettingsView.swift */; };
		9DD720FB29BFB36A00634AB2 /* SettingsStore.swift in Sources */ = {isa = PBXBuildFile; fileRef = 9DD720FA29BFB36A00634AB2 /* SettingsStore.swift */; };
		9DD720FE29BFBD4000634AB2 /* WeeklyNotificationStore.swift in Sources */ = {isa = PBXBuildFile; fileRef = 9DD720FD29BFBD4000634AB2 /* WeeklyNotificationStore.swift */; };
		9DD7210029BFBD5100634AB2 /* WeeklyNotificationView.swift in Sources */ = {isa = PBXBuildFile; fileRef = 9DD720FF29BFBD5100634AB2 /* WeeklyNotificationView.swift */; };
		9DE2CEC929FFB30D00A9BE6D /* ConfettiSwiftUI in Frameworks */ = {isa = PBXBuildFile; productRef = 9DE2CEC829FFB30D00A9BE6D /* ConfettiSwiftUI */; };
		9DE2CECC29FFB3FC00A9BE6D /* LifeGoalsList.swift in Sources */ = {isa = PBXBuildFile; fileRef = 9DE2CECB29FFB3FC00A9BE6D /* LifeGoalsList.swift */; };
		9DE2CECF29FFBD1400A9BE6D /* ConfettiStore.swift in Sources */ = {isa = PBXBuildFile; fileRef = 9DE2CECE29FFBD1400A9BE6D /* ConfettiStore.swift */; };
		9DE2CED129FFBF2600A9BE6D /* ConfettiView.swift in Sources */ = {isa = PBXBuildFile; fileRef = 9DE2CED029FFBF2600A9BE6D /* ConfettiView.swift */; };
		9DE2CED429FFD60500A9BE6D /* SettingsCell.swift in Sources */ = {isa = PBXBuildFile; fileRef = 9DE2CED329FFD60500A9BE6D /* SettingsCell.swift */; };
		9DE3429329E6F46300E64548 /* AddOrEditLifeGoalStore.swift in Sources */ = {isa = PBXBuildFile; fileRef = 9DE3429229E6F46300E64548 /* AddOrEditLifeGoalStore.swift */; };
		9DE3429529E6F48700E64548 /* AddOrEditLifeGoalView.swift in Sources */ = {isa = PBXBuildFile; fileRef = 9DE3429429E6F48700E64548 /* AddOrEditLifeGoalView.swift */; };
		9DEA94512A3F5A2000E125EA /* Date+Extensions.swift in Sources */ = {isa = PBXBuildFile; fileRef = 9DEA94502A3F5A2000E125EA /* Date+Extensions.swift */; };
		9DEBBB9729CF2182008CE08C /* AboutLifeCalendarView.swift in Sources */ = {isa = PBXBuildFile; fileRef = 9DEBBB9629CF2182008CE08C /* AboutLifeCalendarView.swift */; };
		9DEBBB9C29CF2A40008CE08C /* NavigationLink+Extension.swift in Sources */ = {isa = PBXBuildFile; fileRef = 9DEBBB9B29CF2A40008CE08C /* NavigationLink+Extension.swift */; };
		9DEBBB9E29CF37F4008CE08C /* CustomCell.swift in Sources */ = {isa = PBXBuildFile; fileRef = 9DEBBB9D29CF37F4008CE08C /* CustomCell.swift */; };
		9DEBBBA229CF4D3E008CE08C /* ZoomedInCalendarView.swift in Sources */ = {isa = PBXBuildFile; fileRef = 9DEBBBA129CF4D3E008CE08C /* ZoomedInCalendarView.swift */; };
		9DEBBBA429CF4EB7008CE08C /* SimplifiedLifeCalendarView.swift in Sources */ = {isa = PBXBuildFile; fileRef = 9DEBBBA329CF4EB7008CE08C /* SimplifiedLifeCalendarView.swift */; };
		9DEBBBA629CF5118008CE08C /* CurrentYearProgressView.swift in Sources */ = {isa = PBXBuildFile; fileRef = 9DEBBBA529CF5118008CE08C /* CurrentYearProgressView.swift */; };
		9DEC1FB429E5891000305429 /* LifeGoalsStore.swift in Sources */ = {isa = PBXBuildFile; fileRef = 9DEC1FB329E5891000305429 /* LifeGoalsStore.swift */; };
		9DEC1FB629E5891700305429 /* LifeGoalsView.swift in Sources */ = {isa = PBXBuildFile; fileRef = 9DEC1FB529E5891700305429 /* LifeGoalsView.swift */; };
/* End PBXBuildFile section */

/* Begin PBXContainerItemProxy section */
		9D70828B29B8D1A100846F55 /* PBXContainerItemProxy */ = {
			isa = PBXContainerItemProxy;
			containerPortal = 9D70826D29B8D1A000846F55 /* Project object */;
			proxyType = 1;
			remoteGlobalIDString = 9D70827429B8D1A000846F55;
			remoteInfo = LifeProgress;
		};
		9D70829529B8D1A100846F55 /* PBXContainerItemProxy */ = {
			isa = PBXContainerItemProxy;
			containerPortal = 9D70826D29B8D1A000846F55 /* Project object */;
			proxyType = 1;
			remoteGlobalIDString = 9D70827429B8D1A000846F55;
			remoteInfo = LifeProgress;
		};
		9DA378DB29E19B9100074F01 /* PBXContainerItemProxy */ = {
			isa = PBXContainerItemProxy;
			containerPortal = 9D70826D29B8D1A000846F55 /* Project object */;
			proxyType = 1;
			remoteGlobalIDString = 9DA378CC29E19B9000074F01;
			remoteInfo = LifeProgressWidgetExtension;
		};
/* End PBXContainerItemProxy section */

/* Begin PBXCopyFilesBuildPhase section */
		9DA378DE29E19B9200074F01 /* Embed Foundation Extensions */ = {
			isa = PBXCopyFilesBuildPhase;
			buildActionMask = 2147483647;
			dstPath = "";
			dstSubfolderSpec = 13;
			files = (
				9DA378DD29E19B9100074F01 /* LifeProgressWidgetExtension.appex in Embed Foundation Extensions */,
			);
			name = "Embed Foundation Extensions";
			runOnlyForDeploymentPostprocessing = 0;
		};
/* End PBXCopyFilesBuildPhase section */

/* Begin PBXFileReference section */
		9D04CAAC2A7516E7007C678D /* LifeCalendarTests.swift */ = {isa = PBXFileReference; lastKnownFileType = sourcecode.swift; path = LifeCalendarTests.swift; sourceTree = "<group>"; };
		9D156C3E29D0AC0B00F2C992 /* UserSettingsClient.swift */ = {isa = PBXFileReference; lastKnownFileType = sourcecode.swift; path = UserSettingsClient.swift; sourceTree = "<group>"; };
		9D2045922A057A8200CAAAC6 /* AnalyticsClient.swift */ = {isa = PBXFileReference; lastKnownFileType = sourcecode.swift; path = AnalyticsClient.swift; sourceTree = "<group>"; };
		9D3B855C29FD1AAD0026D814 /* CoreDataManager.swift */ = {isa = PBXFileReference; lastKnownFileType = sourcecode.swift; path = CoreDataManager.swift; sourceTree = "<group>"; };
		9D3B855E29FD1C840026D814 /* LifeGoalEntity.swift */ = {isa = PBXFileReference; lastKnownFileType = sourcecode.swift; path = LifeGoalEntity.swift; sourceTree = "<group>"; };
		9D3B856029FD1D600026D814 /* LifeGoal.swift */ = {isa = PBXFileReference; lastKnownFileType = sourcecode.swift; path = LifeGoal.swift; sourceTree = "<group>"; };
		9D4110482A4821A10069DFED /* SFSymbolPickerTests.swift */ = {isa = PBXFileReference; lastKnownFileType = sourcecode.swift; path = SFSymbolPickerTests.swift; sourceTree = "<group>"; };
		9D41104B2A4828DF0069DFED /* ConfettiTests.swift */ = {isa = PBXFileReference; lastKnownFileType = sourcecode.swift; path = ConfettiTests.swift; sourceTree = "<group>"; };
		9D46DCD229D839E900331456 /* AboutTheAppStore.swift */ = {isa = PBXFileReference; lastKnownFileType = sourcecode.swift; path = AboutTheAppStore.swift; sourceTree = "<group>"; };
		9D4C753529EBF6C0007FFCBC /* SFSymbolPickerStore.swift */ = {isa = PBXFileReference; lastKnownFileType = sourcecode.swift; path = SFSymbolPickerStore.swift; sourceTree = "<group>"; };
		9D4C753729EBF6CB007FFCBC /* SFSymbolPickerView.swift */ = {isa = PBXFileReference; lastKnownFileType = sourcecode.swift; path = SFSymbolPickerView.swift; sourceTree = "<group>"; };
		9D4C753929EBFFBE007FFCBC /* LifeGoalsClient.swift */ = {isa = PBXFileReference; lastKnownFileType = sourcecode.swift; path = LifeGoalsClient.swift; sourceTree = "<group>"; };
		9D556A962A628D1D00A7E8F3 /* IAPTests.swift */ = {isa = PBXFileReference; lastKnownFileType = sourcecode.swift; path = IAPTests.swift; sourceTree = "<group>"; };
		9D5F8E0B2A66C72200867D1F /* ThemeTests.swift */ = {isa = PBXFileReference; lastKnownFileType = sourcecode.swift; path = ThemeTests.swift; sourceTree = "<group>"; };
		9D62261729D9546B000C1EA8 /* AboutTheAppView.swift */ = {isa = PBXFileReference; lastKnownFileType = sourcecode.swift; path = AboutTheAppView.swift; sourceTree = "<group>"; };
		9D660B7F29EAA30B00AE2445 /* DatePickerStore.swift */ = {isa = PBXFileReference; lastKnownFileType = sourcecode.swift; path = DatePickerStore.swift; sourceTree = "<group>"; };
		9D660B8129EAA31500AE2445 /* DatePickerView.swift */ = {isa = PBXFileReference; lastKnownFileType = sourcecode.swift; path = DatePickerView.swift; sourceTree = "<group>"; };
		9D6C5E6D2A02A37F0024F11F /* OnboardingNotificationsView.swift */ = {isa = PBXFileReference; lastKnownFileType = sourcecode.swift; path = OnboardingNotificationsView.swift; sourceTree = "<group>"; };
		9D6ECBBE29BA378C000DF545 /* AgeGroup.swift */ = {isa = PBXFileReference; lastKnownFileType = sourcecode.swift; path = AgeGroup.swift; sourceTree = "<group>"; };
		9D6ECBC629BA5345000DF545 /* LifeCalendarStore.swift */ = {isa = PBXFileReference; lastKnownFileType = sourcecode.swift; path = LifeCalendarStore.swift; sourceTree = "<group>"; };
		9D70827529B8D1A000846F55 /* Life Progress - Calendar.app */ = {isa = PBXFileReference; explicitFileType = wrapper.application; includeInIndex = 0; path = "Life Progress - Calendar.app"; sourceTree = BUILT_PRODUCTS_DIR; };
		9D70827829B8D1A000846F55 /* LifeProgressApp.swift */ = {isa = PBXFileReference; lastKnownFileType = sourcecode.swift; path = LifeProgressApp.swift; sourceTree = "<group>"; };
		9D70827C29B8D1A100846F55 /* Assets.xcassets */ = {isa = PBXFileReference; lastKnownFileType = folder.assetcatalog; path = Assets.xcassets; sourceTree = "<group>"; };
		9D70827F29B8D1A100846F55 /* Preview Assets.xcassets */ = {isa = PBXFileReference; lastKnownFileType = folder.assetcatalog; path = "Preview Assets.xcassets"; sourceTree = "<group>"; };
		9D70828429B8D1A100846F55 /* LifeProgress.xcdatamodel */ = {isa = PBXFileReference; lastKnownFileType = wrapper.xcdatamodel; path = LifeProgress.xcdatamodel; sourceTree = "<group>"; };
		9D70828A29B8D1A100846F55 /* LifeProgressTests.xctest */ = {isa = PBXFileReference; explicitFileType = wrapper.cfbundle; includeInIndex = 0; path = LifeProgressTests.xctest; sourceTree = BUILT_PRODUCTS_DIR; };
		9D70829429B8D1A100846F55 /* LifeProgressUITests.xctest */ = {isa = PBXFileReference; explicitFileType = wrapper.cfbundle; includeInIndex = 0; path = LifeProgressUITests.xctest; sourceTree = BUILT_PRODUCTS_DIR; };
		9D70829829B8D1A100846F55 /* LifeProgressUITests.swift */ = {isa = PBXFileReference; lastKnownFileType = sourcecode.swift; path = LifeProgressUITests.swift; sourceTree = "<group>"; };
		9D70829A29B8D1A100846F55 /* LifeProgressUITestsLaunchTests.swift */ = {isa = PBXFileReference; lastKnownFileType = sourcecode.swift; path = LifeProgressUITestsLaunchTests.swift; sourceTree = "<group>"; };
		9D7082A829B8D34900846F55 /* Life.swift */ = {isa = PBXFileReference; lastKnownFileType = sourcecode.swift; path = Life.swift; sourceTree = "<group>"; };
		9D70DC342A00FAFC000C2AF0 /* IAPClient.swift */ = {isa = PBXFileReference; lastKnownFileType = sourcecode.swift; path = IAPClient.swift; sourceTree = "<group>"; };
		9D70DC372A00FC97000C2AF0 /* IAPStore.swift */ = {isa = PBXFileReference; lastKnownFileType = sourcecode.swift; path = IAPStore.swift; sourceTree = "<group>"; };
		9D70DC392A00FCA0000C2AF0 /* IAPView.swift */ = {isa = PBXFileReference; lastKnownFileType = sourcecode.swift; path = IAPView.swift; sourceTree = "<group>"; };
		9D70DC3C2A010291000C2AF0 /* Configuration.storekit */ = {isa = PBXFileReference; lastKnownFileType = text; path = Configuration.storekit; sourceTree = "<group>"; };
		9D7CCA7C29DC7BBF008CA928 /* NSUbiquitousKeyValueStoreHelper.swift */ = {isa = PBXFileReference; lastKnownFileType = sourcecode.swift; path = NSUbiquitousKeyValueStoreHelper.swift; sourceTree = "<group>"; };
		9D7CCA7E29DCA04D008CA928 /* NSUbiquitousKeyValueStore+Extension.swift */ = {isa = PBXFileReference; lastKnownFileType = sourcecode.swift; path = "NSUbiquitousKeyValueStore+Extension.swift"; sourceTree = "<group>"; };
		9D7CE5C229BFA45900B57F90 /* LifeExpectancyStore.swift */ = {isa = PBXFileReference; lastKnownFileType = sourcecode.swift; path = LifeExpectancyStore.swift; sourceTree = "<group>"; };
		9D7CE5C429BFA5ED00B57F90 /* LifeExpectancyView.swift */ = {isa = PBXFileReference; lastKnownFileType = sourcecode.swift; path = LifeExpectancyView.swift; sourceTree = "<group>"; };
		9D8041412A0263F200E3B74A /* OnboardingStore.swift */ = {isa = PBXFileReference; lastKnownFileType = sourcecode.swift; path = OnboardingStore.swift; sourceTree = "<group>"; };
		9D8041432A02640000E3B74A /* OnboardingView.swift */ = {isa = PBXFileReference; lastKnownFileType = sourcecode.swift; path = OnboardingView.swift; sourceTree = "<group>"; };
		9D8041492A0268B200E3B74A /* OnboardingBirthdayView.swift */ = {isa = PBXFileReference; lastKnownFileType = sourcecode.swift; path = OnboardingBirthdayView.swift; sourceTree = "<group>"; };
		9D80414B2A026BD000E3B74A /* OnboardingLifeExpectancyView.swift */ = {isa = PBXFileReference; lastKnownFileType = sourcecode.swift; path = OnboardingLifeExpectancyView.swift; sourceTree = "<group>"; };
		9D813B142A039AA20054020F /* OnboardingAboutView.swift */ = {isa = PBXFileReference; lastKnownFileType = sourcecode.swift; path = OnboardingAboutView.swift; sourceTree = "<group>"; };
		9D813B172A039B710054020F /* About.swift */ = {isa = PBXFileReference; lastKnownFileType = sourcecode.swift; path = About.swift; sourceTree = "<group>"; };
		9D813B1C2A03A7250054020F /* UserDefaultsHelper.swift */ = {isa = PBXFileReference; lastKnownFileType = sourcecode.swift; path = UserDefaultsHelper.swift; sourceTree = "<group>"; };
		9D813B212A03C99D0054020F /* DeveloperStore.swift */ = {isa = PBXFileReference; lastKnownFileType = sourcecode.swift; path = DeveloperStore.swift; sourceTree = "<group>"; };
		9D813B252A03CCE60054020F /* DeveloperView.swift */ = {isa = PBXFileReference; lastKnownFileType = sourcecode.swift; path = DeveloperView.swift; sourceTree = "<group>"; };
		9D813B272A03E8F10054020F /* OnboardingCompletedView.swift */ = {isa = PBXFileReference; lastKnownFileType = sourcecode.swift; path = OnboardingCompletedView.swift; sourceTree = "<group>"; };
		9D813B292A04005A0054020F /* Life-Progress---Calendar-Info.plist */ = {isa = PBXFileReference; lastKnownFileType = text.plist.xml; path = "Life-Progress---Calendar-Info.plist"; sourceTree = "<group>"; };
		9D8272402A73A9680001925C /* AddOrEditLifeGoalTests.swift */ = {isa = PBXFileReference; lastKnownFileType = sourcecode.swift; path = AddOrEditLifeGoalTests.swift; sourceTree = "<group>"; };
		9D8322042A3D9B0300A66037 /* DeveloperTests.swift */ = {isa = PBXFileReference; lastKnownFileType = sourcecode.swift; path = DeveloperTests.swift; sourceTree = "<group>"; };
		9D8322082A3DAE5A00A66037 /* LifeExpectancyTests.swift */ = {isa = PBXFileReference; lastKnownFileType = sourcecode.swift; path = LifeExpectancyTests.swift; sourceTree = "<group>"; };
		9D869C8229E3174600841A47 /* LifeProgressWidget.swift */ = {isa = PBXFileReference; lastKnownFileType = sourcecode.swift; path = LifeProgressWidget.swift; sourceTree = "<group>"; };
		9D869C8429E3175000841A47 /* YearProgressWidget.swift */ = {isa = PBXFileReference; lastKnownFileType = sourcecode.swift; path = YearProgressWidget.swift; sourceTree = "<group>"; };
		9D869C8C29E31D0D00841A47 /* SimplifiedYearCalendarView.swift */ = {isa = PBXFileReference; lastKnownFileType = sourcecode.swift; path = SimplifiedYearCalendarView.swift; sourceTree = "<group>"; };
		9D877C482A3F55F700CC0562 /* DatePickerTests.swift */ = {isa = PBXFileReference; lastKnownFileType = sourcecode.swift; path = DatePickerTests.swift; sourceTree = "<group>"; };
		9DA378CD29E19B9000074F01 /* LifeProgressWidgetExtension.appex */ = {isa = PBXFileReference; explicitFileType = "wrapper.app-extension"; includeInIndex = 0; path = LifeProgressWidgetExtension.appex; sourceTree = BUILT_PRODUCTS_DIR; };
		9DA378CF29E19B9000074F01 /* WidgetKit.framework */ = {isa = PBXFileReference; lastKnownFileType = wrapper.framework; name = WidgetKit.framework; path = System/Library/Frameworks/WidgetKit.framework; sourceTree = SDKROOT; };
		9DA378D129E19B9000074F01 /* SwiftUI.framework */ = {isa = PBXFileReference; lastKnownFileType = wrapper.framework; name = SwiftUI.framework; path = System/Library/Frameworks/SwiftUI.framework; sourceTree = SDKROOT; };
		9DA378D429E19B9000074F01 /* LifeProgressWidgetBundle.swift */ = {isa = PBXFileReference; lastKnownFileType = sourcecode.swift; path = LifeProgressWidgetBundle.swift; sourceTree = "<group>"; };
		9DA378D829E19B9100074F01 /* Assets.xcassets */ = {isa = PBXFileReference; lastKnownFileType = folder.assetcatalog; path = Assets.xcassets; sourceTree = "<group>"; };
		9DA378DA29E19B9100074F01 /* Info.plist */ = {isa = PBXFileReference; lastKnownFileType = text.plist.xml; path = Info.plist; sourceTree = "<group>"; };
		9DA378E429E1AA5000074F01 /* Date+Extension.swift */ = {isa = PBXFileReference; lastKnownFileType = sourcecode.swift; path = "Date+Extension.swift"; sourceTree = "<group>"; };
		9DA378F229E1D20300074F01 /* LifeProgressWidgetExtension.entitlements */ = {isa = PBXFileReference; lastKnownFileType = text.plist.entitlements; path = LifeProgressWidgetExtension.entitlements; sourceTree = "<group>"; };
		9DA8B3D229D75378000D3F1F /* LifeProgress.entitlements */ = {isa = PBXFileReference; lastKnownFileType = text.plist.entitlements; path = LifeProgress.entitlements; sourceTree = "<group>"; };
		9DACC2D429D34EDF00AA48CE /* LifeProgressView.swift */ = {isa = PBXFileReference; lastKnownFileType = sourcecode.swift; path = LifeProgressView.swift; sourceTree = "<group>"; };
		9DB6D11729C216A300265C2E /* ThemeStore.swift */ = {isa = PBXFileReference; lastKnownFileType = sourcecode.swift; path = ThemeStore.swift; sourceTree = "<group>"; };
		9DB6D11929C216B800265C2E /* ThemeView.swift */ = {isa = PBXFileReference; lastKnownFileType = sourcecode.swift; path = ThemeView.swift; sourceTree = "<group>"; };
		9DB996952A050930004EF0FF /* NotificationsClient.swift */ = {isa = PBXFileReference; lastKnownFileType = sourcecode.swift; path = NotificationsClient.swift; sourceTree = "<group>"; };
		9DB9F3AB2A3DEEBC001AF6D4 /* BirthdayTests.swift */ = {isa = PBXFileReference; lastKnownFileType = sourcecode.swift; path = BirthdayTests.swift; sourceTree = "<group>"; };
		9DB9F3AE2A3DF8B7001AF6D4 /* WeeklyNotificationTests.swift */ = {isa = PBXFileReference; lastKnownFileType = sourcecode.swift; path = WeeklyNotificationTests.swift; sourceTree = "<group>"; };
		9DC5B69E29C4F87B00E2A4FA /* RootStore.swift */ = {isa = PBXFileReference; lastKnownFileType = sourcecode.swift; path = RootStore.swift; sourceTree = "<group>"; };
		9DC5B6A029C4F88300E2A4FA /* RootView.swift */ = {isa = PBXFileReference; lastKnownFileType = sourcecode.swift; path = RootView.swift; sourceTree = "<group>"; };
		9DC5B6A229C4FBB400E2A4FA /* Theme.swift */ = {isa = PBXFileReference; lastKnownFileType = sourcecode.swift; path = Theme.swift; sourceTree = "<group>"; };
		9DC634542A2249E400BC55CB /* RootView+WhatsNewCollectionProvider.swift */ = {isa = PBXFileReference; lastKnownFileType = sourcecode.swift; path = "RootView+WhatsNewCollectionProvider.swift"; sourceTree = "<group>"; };
		9DC756A72A73D7AE00E6F3F1 /* LifeGoalsTests.swift */ = {isa = PBXFileReference; lastKnownFileType = sourcecode.swift; path = LifeGoalsTests.swift; sourceTree = "<group>"; };
		9DC9B71129BDE8590088D6F9 /* BirthdayStore.swift */ = {isa = PBXFileReference; lastKnownFileType = sourcecode.swift; path = BirthdayStore.swift; sourceTree = "<group>"; };
		9DC9B71329BDEA610088D6F9 /* BirthdayView.swift */ = {isa = PBXFileReference; lastKnownFileType = sourcecode.swift; path = BirthdayView.swift; sourceTree = "<group>"; };
		9DC9B71629BE052B0088D6F9 /* DateFormatters.swift */ = {isa = PBXFileReference; lastKnownFileType = sourcecode.swift; path = DateFormatters.swift; sourceTree = "<group>"; };
		9DCC207C2A0132E700D151F0 /* PremiumCell.swift */ = {isa = PBXFileReference; lastKnownFileType = sourcecode.swift; path = PremiumCell.swift; sourceTree = "<group>"; };
		9DCC20802A013DBE00D151F0 /* Feature.swift */ = {isa = PBXFileReference; lastKnownFileType = sourcecode.swift; path = Feature.swift; sourceTree = "<group>"; };
		9DCF41F229BB94D300F30BB3 /* LifeCalendarView.swift */ = {isa = PBXFileReference; lastKnownFileType = sourcecode.swift; path = LifeCalendarView.swift; sourceTree = "<group>"; };
		9DCF41F529BB991E00F30BB3 /* CalendarWithoutCurrentYear.swift */ = {isa = PBXFileReference; lastKnownFileType = sourcecode.swift; path = CalendarWithoutCurrentYear.swift; sourceTree = "<group>"; };
		9DCF41F729BB993200F30BB3 /* CalendarWithCurrentYear.swift */ = {isa = PBXFileReference; lastKnownFileType = sourcecode.swift; path = CalendarWithCurrentYear.swift; sourceTree = "<group>"; };
		9DD720F829BFB35C00634AB2 /* SettingsView.swift */ = {isa = PBXFileReference; lastKnownFileType = sourcecode.swift; path = SettingsView.swift; sourceTree = "<group>"; };
		9DD720FA29BFB36A00634AB2 /* SettingsStore.swift */ = {isa = PBXFileReference; lastKnownFileType = sourcecode.swift; path = SettingsStore.swift; sourceTree = "<group>"; };
		9DD720FD29BFBD4000634AB2 /* WeeklyNotificationStore.swift */ = {isa = PBXFileReference; lastKnownFileType = sourcecode.swift; path = WeeklyNotificationStore.swift; sourceTree = "<group>"; };
		9DD720FF29BFBD5100634AB2 /* WeeklyNotificationView.swift */ = {isa = PBXFileReference; lastKnownFileType = sourcecode.swift; path = WeeklyNotificationView.swift; sourceTree = "<group>"; };
		9DE2CECB29FFB3FC00A9BE6D /* LifeGoalsList.swift */ = {isa = PBXFileReference; lastKnownFileType = sourcecode.swift; path = LifeGoalsList.swift; sourceTree = "<group>"; };
		9DE2CECE29FFBD1400A9BE6D /* ConfettiStore.swift */ = {isa = PBXFileReference; lastKnownFileType = sourcecode.swift; path = ConfettiStore.swift; sourceTree = "<group>"; };
		9DE2CED029FFBF2600A9BE6D /* ConfettiView.swift */ = {isa = PBXFileReference; lastKnownFileType = sourcecode.swift; path = ConfettiView.swift; sourceTree = "<group>"; };
		9DE2CED329FFD60500A9BE6D /* SettingsCell.swift */ = {isa = PBXFileReference; lastKnownFileType = sourcecode.swift; path = SettingsCell.swift; sourceTree = "<group>"; };
		9DE3429229E6F46300E64548 /* AddOrEditLifeGoalStore.swift */ = {isa = PBXFileReference; lastKnownFileType = sourcecode.swift; path = AddOrEditLifeGoalStore.swift; sourceTree = "<group>"; };
		9DE3429429E6F48700E64548 /* AddOrEditLifeGoalView.swift */ = {isa = PBXFileReference; lastKnownFileType = sourcecode.swift; path = AddOrEditLifeGoalView.swift; sourceTree = "<group>"; };
		9DEA94502A3F5A2000E125EA /* Date+Extensions.swift */ = {isa = PBXFileReference; lastKnownFileType = sourcecode.swift; path = "Date+Extensions.swift"; sourceTree = "<group>"; };
		9DEBBB9629CF2182008CE08C /* AboutLifeCalendarView.swift */ = {isa = PBXFileReference; lastKnownFileType = sourcecode.swift; path = AboutLifeCalendarView.swift; sourceTree = "<group>"; };
		9DEBBB9B29CF2A40008CE08C /* NavigationLink+Extension.swift */ = {isa = PBXFileReference; lastKnownFileType = sourcecode.swift; path = "NavigationLink+Extension.swift"; sourceTree = "<group>"; };
		9DEBBB9D29CF37F4008CE08C /* CustomCell.swift */ = {isa = PBXFileReference; lastKnownFileType = sourcecode.swift; path = CustomCell.swift; sourceTree = "<group>"; };
		9DEBBBA129CF4D3E008CE08C /* ZoomedInCalendarView.swift */ = {isa = PBXFileReference; lastKnownFileType = sourcecode.swift; path = ZoomedInCalendarView.swift; sourceTree = "<group>"; };
		9DEBBBA329CF4EB7008CE08C /* SimplifiedLifeCalendarView.swift */ = {isa = PBXFileReference; lastKnownFileType = sourcecode.swift; path = SimplifiedLifeCalendarView.swift; sourceTree = "<group>"; };
		9DEBBBA529CF5118008CE08C /* CurrentYearProgressView.swift */ = {isa = PBXFileReference; lastKnownFileType = sourcecode.swift; path = CurrentYearProgressView.swift; sourceTree = "<group>"; };
		9DEC1FB329E5891000305429 /* LifeGoalsStore.swift */ = {isa = PBXFileReference; lastKnownFileType = sourcecode.swift; path = LifeGoalsStore.swift; sourceTree = "<group>"; };
		9DEC1FB529E5891700305429 /* LifeGoalsView.swift */ = {isa = PBXFileReference; lastKnownFileType = sourcecode.swift; path = LifeGoalsView.swift; sourceTree = "<group>"; };
/* End PBXFileReference section */

/* Begin PBXFrameworksBuildPhase section */
		9D70827229B8D1A000846F55 /* Frameworks */ = {
			isa = PBXFrameworksBuildPhase;
			buildActionMask = 2147483647;
			files = (
				9DE2CEC929FFB30D00A9BE6D /* ConfettiSwiftUI in Frameworks */,
				9D2045912A056E0100CAAAC6 /* TelemetryClient in Frameworks */,
				9DC634512A22370C00BC55CB /* WhatsNewKit in Frameworks */,
				9D660B7D29EA998900AE2445 /* SymbolPicker in Frameworks */,
				9D6ECBC229BA4EF9000DF545 /* ComposableArchitecture in Frameworks */,
			);
			runOnlyForDeploymentPostprocessing = 0;
		};
		9D70828729B8D1A100846F55 /* Frameworks */ = {
			isa = PBXFrameworksBuildPhase;
			buildActionMask = 2147483647;
			files = (
			);
			runOnlyForDeploymentPostprocessing = 0;
		};
		9D70829129B8D1A100846F55 /* Frameworks */ = {
			isa = PBXFrameworksBuildPhase;
			buildActionMask = 2147483647;
			files = (
			);
			runOnlyForDeploymentPostprocessing = 0;
		};
		9DA378CA29E19B9000074F01 /* Frameworks */ = {
			isa = PBXFrameworksBuildPhase;
			buildActionMask = 2147483647;
			files = (
				9DA378D229E19B9000074F01 /* SwiftUI.framework in Frameworks */,
				9DA378D029E19B9000074F01 /* WidgetKit.framework in Frameworks */,
				9DA378EC29E1B11D00074F01 /* ComposableArchitecture in Frameworks */,
			);
			runOnlyForDeploymentPostprocessing = 0;
		};
/* End PBXFrameworksBuildPhase section */

/* Begin PBXGroup section */
		9D04CAAB2A750F7C007C678D /* LifeCalendar */ = {
			isa = PBXGroup;
			children = (
				9D04CAAC2A7516E7007C678D /* LifeCalendarTests.swift */,
			);
			path = LifeCalendar;
			sourceTree = "<group>";
		};
		9D3B855729FD18D40026D814 /* Entities */ = {
			isa = PBXGroup;
			children = (
				9D3B855E29FD1C840026D814 /* LifeGoalEntity.swift */,
			);
			path = Entities;
			sourceTree = "<group>";
		};
		9D4110472A4821910069DFED /* SFSymbolPicker */ = {
			isa = PBXGroup;
			children = (
				9D4110482A4821A10069DFED /* SFSymbolPickerTests.swift */,
			);
			path = SFSymbolPicker;
			sourceTree = "<group>";
		};
		9D41104A2A4823770069DFED /* Confetti */ = {
			isa = PBXGroup;
			children = (
				9D41104B2A4828DF0069DFED /* ConfettiTests.swift */,
			);
			path = Confetti;
			sourceTree = "<group>";
		};
		9D46DCD129D838BB00331456 /* AboutTheApp */ = {
			isa = PBXGroup;
			children = (
				9D46DCD229D839E900331456 /* AboutTheAppStore.swift */,
				9D62261729D9546B000C1EA8 /* AboutTheAppView.swift */,
			);
			path = AboutTheApp;
			sourceTree = "<group>";
		};
		9D4C753429EBF69C007FFCBC /* SFSymbolPicker */ = {
			isa = PBXGroup;
			children = (
				9D4C753529EBF6C0007FFCBC /* SFSymbolPickerStore.swift */,
				9D4C753729EBF6CB007FFCBC /* SFSymbolPickerView.swift */,
			);
			path = SFSymbolPicker;
			sourceTree = "<group>";
		};
		9D556A952A628D0F00A7E8F3 /* IAP */ = {
			isa = PBXGroup;
			children = (
				9D556A962A628D1D00A7E8F3 /* IAPTests.swift */,
			);
			path = IAP;
			sourceTree = "<group>";
		};
		9D5F8E0A2A66C71100867D1F /* Theme */ = {
			isa = PBXGroup;
			children = (
				9D5F8E0B2A66C72200867D1F /* ThemeTests.swift */,
			);
			path = Theme;
			sourceTree = "<group>";
		};
		9D5FB3C92A32059D000E69D7 /* Resources */ = {
			isa = PBXGroup;
			children = (
				9D70DC3B2A010218000C2AF0 /* StoreKit */,
				9D70827E29B8D1A100846F55 /* Preview Content */,
				9D70827C29B8D1A100846F55 /* Assets.xcassets */,
			);
			path = Resources;
			sourceTree = "<group>";
		};
		9D660B7E29EAA2FD00AE2445 /* Shared */ = {
			isa = PBXGroup;
			children = (
				9D70DC362A00FC8D000C2AF0 /* IAP */,
				9DE2CECD29FFBD0500A9BE6D /* Confetti */,
				9D4C753429EBF69C007FFCBC /* SFSymbolPicker */,
				9D660B8329EACC8500AE2445 /* DatePicker */,
			);
			path = Shared;
			sourceTree = "<group>";
		};
		9D660B8329EACC8500AE2445 /* DatePicker */ = {
			isa = PBXGroup;
			children = (
				9D660B7F29EAA30B00AE2445 /* DatePickerStore.swift */,
				9D660B8129EAA31500AE2445 /* DatePickerView.swift */,
			);
			path = DatePicker;
			sourceTree = "<group>";
		};
		9D6ECBC429BA52CB000DF545 /* Features */ = {
			isa = PBXGroup;
			children = (
				9DC634532A223A7E00BC55CB /* WhatsNew */,
				9D813B202A03C9810054020F /* Developer */,
				9D8041402A0262B400E3B74A /* Onboarding */,
				9D660B7E29EAA2FD00AE2445 /* Shared */,
				9DE3429029E6F34A00E64548 /* AddOrEditLifeGoal */,
				9DEC1FB029E588EC00305429 /* LifeGoals */,
				9D46DCD129D838BB00331456 /* AboutTheApp */,
				9DC5B69D29C4F87000E2A4FA /* Root */,
				9DB6D11629C2169800265C2E /* Theme */,
				9DD720FC29BFBD2F00634AB2 /* WeeklyNotification */,
				9DD720F729BFB34D00634AB2 /* Settings */,
				9D7CE5C129BFA43400B57F90 /* LifeExpectancy */,
				9DC9B70E29BD1F0B0088D6F9 /* Birthday */,
				9D6ECBC529BA5335000DF545 /* LifeCalendar */,
			);
			path = Features;
			sourceTree = "<group>";
		};
		9D6ECBC529BA5335000DF545 /* LifeCalendar */ = {
			isa = PBXGroup;
			children = (
				9DCF41F429BB98BC00F30BB3 /* Views */,
				9D6ECBC629BA5345000DF545 /* LifeCalendarStore.swift */,
				9DCF41F229BB94D300F30BB3 /* LifeCalendarView.swift */,
			);
			path = LifeCalendar;
			sourceTree = "<group>";
		};
		9D70826C29B8D1A000846F55 = {
			isa = PBXGroup;
			children = (
				9D813B292A04005A0054020F /* Life-Progress---Calendar-Info.plist */,
				9DA378F229E1D20300074F01 /* LifeProgressWidgetExtension.entitlements */,
				9D70827729B8D1A000846F55 /* LifeProgress */,
				9D70828D29B8D1A100846F55 /* LifeProgressTests */,
				9D70829729B8D1A100846F55 /* LifeProgressUITests */,
				9DA378D329E19B9000074F01 /* LifeProgressWidget */,
				9DA378CE29E19B9000074F01 /* Frameworks */,
				9D70827629B8D1A000846F55 /* Products */,
			);
			sourceTree = "<group>";
		};
		9D70827629B8D1A000846F55 /* Products */ = {
			isa = PBXGroup;
			children = (
				9D70827529B8D1A000846F55 /* Life Progress - Calendar.app */,
				9D70828A29B8D1A100846F55 /* LifeProgressTests.xctest */,
				9D70829429B8D1A100846F55 /* LifeProgressUITests.xctest */,
				9DA378CD29E19B9000074F01 /* LifeProgressWidgetExtension.appex */,
			);
			name = Products;
			sourceTree = "<group>";
		};
		9D70827729B8D1A000846F55 /* LifeProgress */ = {
			isa = PBXGroup;
			children = (
				9DA8B3D229D75378000D3F1F /* LifeProgress.entitlements */,
				9D5FB3C92A32059D000E69D7 /* Resources */,
				9DEC1FB929E58A0300305429 /* Storage */,
				9DEBBB9829CF28BB008CE08C /* Views */,
				9DD4955C29C755B8004001D9 /* Dependencies */,
				9DC9B71529BE05190088D6F9 /* Utils */,
				9D6ECBC429BA52CB000DF545 /* Features */,
				9D7082A729B8D32A00846F55 /* Models */,
				9D70827829B8D1A000846F55 /* LifeProgressApp.swift */,
			);
			path = LifeProgress;
			sourceTree = "<group>";
		};
		9D70827E29B8D1A100846F55 /* Preview Content */ = {
			isa = PBXGroup;
			children = (
				9D70827F29B8D1A100846F55 /* Preview Assets.xcassets */,
			);
			path = "Preview Content";
			sourceTree = "<group>";
		};
		9D70828D29B8D1A100846F55 /* LifeProgressTests */ = {
			isa = PBXGroup;
			children = (
				9DEA944F2A3F5A0900E125EA /* Utils */,
				9D8322032A3D9AE300A66037 /* Features */,
			);
			path = LifeProgressTests;
			sourceTree = "<group>";
		};
		9D70829729B8D1A100846F55 /* LifeProgressUITests */ = {
			isa = PBXGroup;
			children = (
				9D70829829B8D1A100846F55 /* LifeProgressUITests.swift */,
				9D70829A29B8D1A100846F55 /* LifeProgressUITestsLaunchTests.swift */,
			);
			path = LifeProgressUITests;
			sourceTree = "<group>";
		};
		9D7082A729B8D32A00846F55 /* Models */ = {
			isa = PBXGroup;
			children = (
				9D7082A829B8D34900846F55 /* Life.swift */,
				9D6ECBBE29BA378C000DF545 /* AgeGroup.swift */,
				9D3B856029FD1D600026D814 /* LifeGoal.swift */,
			);
			path = Models;
			sourceTree = "<group>";
		};
		9D70DC362A00FC8D000C2AF0 /* IAP */ = {
			isa = PBXGroup;
			children = (
				9DCC207E2A013DAC00D151F0 /* Models */,
				9DCC207A2A01311900D151F0 /* Views */,
				9D70DC372A00FC97000C2AF0 /* IAPStore.swift */,
				9D70DC392A00FCA0000C2AF0 /* IAPView.swift */,
			);
			path = IAP;
			sourceTree = "<group>";
		};
		9D70DC3B2A010218000C2AF0 /* StoreKit */ = {
			isa = PBXGroup;
			children = (
				9D70DC3C2A010291000C2AF0 /* Configuration.storekit */,
			);
			path = StoreKit;
			sourceTree = "<group>";
		};
		9D7CE5C129BFA43400B57F90 /* LifeExpectancy */ = {
			isa = PBXGroup;
			children = (
				9D7CE5C229BFA45900B57F90 /* LifeExpectancyStore.swift */,
				9D7CE5C429BFA5ED00B57F90 /* LifeExpectancyView.swift */,
			);
			path = LifeExpectancy;
			sourceTree = "<group>";
		};
		9D8041402A0262B400E3B74A /* Onboarding */ = {
			isa = PBXGroup;
			children = (
				9D813B162A039B4E0054020F /* Model */,
				9D8041452A02671300E3B74A /* Views */,
				9D8041412A0263F200E3B74A /* OnboardingStore.swift */,
				9D8041432A02640000E3B74A /* OnboardingView.swift */,
			);
			path = Onboarding;
			sourceTree = "<group>";
		};
		9D8041452A02671300E3B74A /* Views */ = {
			isa = PBXGroup;
			children = (
				9D8041492A0268B200E3B74A /* OnboardingBirthdayView.swift */,
				9D80414B2A026BD000E3B74A /* OnboardingLifeExpectancyView.swift */,
				9D6C5E6D2A02A37F0024F11F /* OnboardingNotificationsView.swift */,
				9D813B142A039AA20054020F /* OnboardingAboutView.swift */,
				9D813B272A03E8F10054020F /* OnboardingCompletedView.swift */,
			);
			path = Views;
			sourceTree = "<group>";
		};
		9D813B162A039B4E0054020F /* Model */ = {
			isa = PBXGroup;
			children = (
				9D813B172A039B710054020F /* About.swift */,
			);
			path = Model;
			sourceTree = "<group>";
		};
		9D813B1B2A03A2220054020F /* UserDefaults */ = {
			isa = PBXGroup;
			children = (
				9D813B1C2A03A7250054020F /* UserDefaultsHelper.swift */,
			);
			path = UserDefaults;
			sourceTree = "<group>";
		};
		9D813B202A03C9810054020F /* Developer */ = {
			isa = PBXGroup;
			children = (
				9D813B212A03C99D0054020F /* DeveloperStore.swift */,
				9D813B252A03CCE60054020F /* DeveloperView.swift */,
			);
			path = Developer;
			sourceTree = "<group>";
		};
		9D82723F2A73A9460001925C /* AddOrEditLifeGoal */ = {
			isa = PBXGroup;
			children = (
				9D8272402A73A9680001925C /* AddOrEditLifeGoalTests.swift */,
			);
			path = AddOrEditLifeGoal;
			sourceTree = "<group>";
		};
		9D8322032A3D9AE300A66037 /* Features */ = {
			isa = PBXGroup;
			children = (
				9D04CAAB2A750F7C007C678D /* LifeCalendar */,
				9DC756A62A73D78A00E6F3F1 /* LifeGoals */,
				9D82723F2A73A9460001925C /* AddOrEditLifeGoal */,
				9D5F8E0A2A66C71100867D1F /* Theme */,
				9D877C462A3F55E200CC0562 /* Shared */,
				9DB9F3AD2A3DF8A2001AF6D4 /* WeeklyNotification */,
				9DB9F3AA2A3DEEAC001AF6D4 /* Birthday */,
				9D8322072A3DAE3800A66037 /* LifeExpectancy */,
				9D8322062A3DAE2D00A66037 /* Developer */,
			);
			path = Features;
			sourceTree = "<group>";
		};
		9D8322062A3DAE2D00A66037 /* Developer */ = {
			isa = PBXGroup;
			children = (
				9D8322042A3D9B0300A66037 /* DeveloperTests.swift */,
			);
			path = Developer;
			sourceTree = "<group>";
		};
		9D8322072A3DAE3800A66037 /* LifeExpectancy */ = {
			isa = PBXGroup;
			children = (
				9D8322082A3DAE5A00A66037 /* LifeExpectancyTests.swift */,
			);
			path = LifeExpectancy;
			sourceTree = "<group>";
		};
		9D869C8129E3173200841A47 /* Widgets */ = {
			isa = PBXGroup;
			children = (
				9D869C8929E31C2800841A47 /* YearProgress */,
				9D869C8829E31C1C00841A47 /* LifeProgress */,
			);
			path = Widgets;
			sourceTree = "<group>";
		};
		9D869C8829E31C1C00841A47 /* LifeProgress */ = {
			isa = PBXGroup;
			children = (
				9D869C8229E3174600841A47 /* LifeProgressWidget.swift */,
			);
			path = LifeProgress;
			sourceTree = "<group>";
		};
		9D869C8929E31C2800841A47 /* YearProgress */ = {
			isa = PBXGroup;
			children = (
				9D869C8429E3175000841A47 /* YearProgressWidget.swift */,
			);
			path = YearProgress;
			sourceTree = "<group>";
		};
		9D877C462A3F55E200CC0562 /* Shared */ = {
			isa = PBXGroup;
			children = (
				9D556A952A628D0F00A7E8F3 /* IAP */,
				9D41104A2A4823770069DFED /* Confetti */,
				9D4110472A4821910069DFED /* SFSymbolPicker */,
				9D877C472A3F55EA00CC0562 /* DatePicker */,
			);
			path = Shared;
			sourceTree = "<group>";
		};
		9D877C472A3F55EA00CC0562 /* DatePicker */ = {
			isa = PBXGroup;
			children = (
				9D877C482A3F55F700CC0562 /* DatePickerTests.swift */,
			);
			path = DatePicker;
			sourceTree = "<group>";
		};
		9DA378CE29E19B9000074F01 /* Frameworks */ = {
			isa = PBXGroup;
			children = (
				9DA378CF29E19B9000074F01 /* WidgetKit.framework */,
				9DA378D129E19B9000074F01 /* SwiftUI.framework */,
			);
			name = Frameworks;
			sourceTree = "<group>";
		};
		9DA378D329E19B9000074F01 /* LifeProgressWidget */ = {
			isa = PBXGroup;
			children = (
				9D869C8129E3173200841A47 /* Widgets */,
				9DA378D429E19B9000074F01 /* LifeProgressWidgetBundle.swift */,
				9DA378D829E19B9100074F01 /* Assets.xcassets */,
				9DA378DA29E19B9100074F01 /* Info.plist */,
			);
			path = LifeProgressWidget;
			sourceTree = "<group>";
		};
		9DB6D11629C2169800265C2E /* Theme */ = {
			isa = PBXGroup;
			children = (
				9DB6D11729C216A300265C2E /* ThemeStore.swift */,
				9DB6D11929C216B800265C2E /* ThemeView.swift */,
				9DC5B6A229C4FBB400E2A4FA /* Theme.swift */,
			);
			path = Theme;
			sourceTree = "<group>";
		};
		9DB9F3AA2A3DEEAC001AF6D4 /* Birthday */ = {
			isa = PBXGroup;
			children = (
				9DB9F3AB2A3DEEBC001AF6D4 /* BirthdayTests.swift */,
			);
			path = Birthday;
			sourceTree = "<group>";
		};
		9DB9F3AD2A3DF8A2001AF6D4 /* WeeklyNotification */ = {
			isa = PBXGroup;
			children = (
				9DB9F3AE2A3DF8B7001AF6D4 /* WeeklyNotificationTests.swift */,
			);
			path = WeeklyNotification;
			sourceTree = "<group>";
		};
		9DC5B69D29C4F87000E2A4FA /* Root */ = {
			isa = PBXGroup;
			children = (
				9DC5B69E29C4F87B00E2A4FA /* RootStore.swift */,
				9DC5B6A029C4F88300E2A4FA /* RootView.swift */,
				9DC634542A2249E400BC55CB /* RootView+WhatsNewCollectionProvider.swift */,
			);
			path = Root;
			sourceTree = "<group>";
		};
		9DC634532A223A7E00BC55CB /* WhatsNew */ = {
			isa = PBXGroup;
			children = (
			);
			path = WhatsNew;
			sourceTree = "<group>";
		};
		9DC756A62A73D78A00E6F3F1 /* LifeGoals */ = {
			isa = PBXGroup;
			children = (
				9DC756A72A73D7AE00E6F3F1 /* LifeGoalsTests.swift */,
			);
			path = LifeGoals;
			sourceTree = "<group>";
		};
		9DC9B70E29BD1F0B0088D6F9 /* Birthday */ = {
			isa = PBXGroup;
			children = (
				9DC9B71129BDE8590088D6F9 /* BirthdayStore.swift */,
				9DC9B71329BDEA610088D6F9 /* BirthdayView.swift */,
			);
			path = Birthday;
			sourceTree = "<group>";
		};
		9DC9B71529BE05190088D6F9 /* Utils */ = {
			isa = PBXGroup;
			children = (
				9DC9B71629BE052B0088D6F9 /* DateFormatters.swift */,
				9DA378E429E1AA5000074F01 /* Date+Extension.swift */,
			);
			path = Utils;
			sourceTree = "<group>";
		};
		9DCC207A2A01311900D151F0 /* Views */ = {
			isa = PBXGroup;
			children = (
				9DCC207C2A0132E700D151F0 /* PremiumCell.swift */,
			);
			path = Views;
			sourceTree = "<group>";
		};
		9DCC207E2A013DAC00D151F0 /* Models */ = {
			isa = PBXGroup;
			children = (
				9DCC20802A013DBE00D151F0 /* Feature.swift */,
			);
			path = Models;
			sourceTree = "<group>";
		};
		9DCF41F429BB98BC00F30BB3 /* Views */ = {
			isa = PBXGroup;
			children = (
				9DCF41F529BB991E00F30BB3 /* CalendarWithoutCurrentYear.swift */,
				9DCF41F729BB993200F30BB3 /* CalendarWithCurrentYear.swift */,
				9DEBBB9629CF2182008CE08C /* AboutLifeCalendarView.swift */,
				9DEBBBA129CF4D3E008CE08C /* ZoomedInCalendarView.swift */,
				9DEBBBA329CF4EB7008CE08C /* SimplifiedLifeCalendarView.swift */,
				9DEBBBA529CF5118008CE08C /* CurrentYearProgressView.swift */,
				9DACC2D429D34EDF00AA48CE /* LifeProgressView.swift */,
				9D869C8C29E31D0D00841A47 /* SimplifiedYearCalendarView.swift */,
			);
			path = Views;
			sourceTree = "<group>";
		};
		9DD4955C29C755B8004001D9 /* Dependencies */ = {
			isa = PBXGroup;
			children = (
				9D156C3E29D0AC0B00F2C992 /* UserSettingsClient.swift */,
				9D4C753929EBFFBE007FFCBC /* LifeGoalsClient.swift */,
				9D70DC342A00FAFC000C2AF0 /* IAPClient.swift */,
				9DB996952A050930004EF0FF /* NotificationsClient.swift */,
				9D2045922A057A8200CAAAC6 /* AnalyticsClient.swift */,
			);
			path = Dependencies;
			sourceTree = "<group>";
		};
		9DD720F729BFB34D00634AB2 /* Settings */ = {
			isa = PBXGroup;
			children = (
				9DE2CED229FFD5F700A9BE6D /* Views */,
				9DD720F829BFB35C00634AB2 /* SettingsView.swift */,
				9DD720FA29BFB36A00634AB2 /* SettingsStore.swift */,
			);
			path = Settings;
			sourceTree = "<group>";
		};
		9DD720FC29BFBD2F00634AB2 /* WeeklyNotification */ = {
			isa = PBXGroup;
			children = (
				9DD720FD29BFBD4000634AB2 /* WeeklyNotificationStore.swift */,
				9DD720FF29BFBD5100634AB2 /* WeeklyNotificationView.swift */,
			);
			path = WeeklyNotification;
			sourceTree = "<group>";
		};
		9DE2CECA29FFB3F300A9BE6D /* Views */ = {
			isa = PBXGroup;
			children = (
				9DE2CECB29FFB3FC00A9BE6D /* LifeGoalsList.swift */,
			);
			path = Views;
			sourceTree = "<group>";
		};
		9DE2CECD29FFBD0500A9BE6D /* Confetti */ = {
			isa = PBXGroup;
			children = (
				9DE2CECE29FFBD1400A9BE6D /* ConfettiStore.swift */,
				9DE2CED029FFBF2600A9BE6D /* ConfettiView.swift */,
			);
			path = Confetti;
			sourceTree = "<group>";
		};
		9DE2CED229FFD5F700A9BE6D /* Views */ = {
			isa = PBXGroup;
			children = (
				9DE2CED329FFD60500A9BE6D /* SettingsCell.swift */,
			);
			path = Views;
			sourceTree = "<group>";
		};
		9DE3429029E6F34A00E64548 /* AddOrEditLifeGoal */ = {
			isa = PBXGroup;
			children = (
				9DE3429229E6F46300E64548 /* AddOrEditLifeGoalStore.swift */,
				9DE3429429E6F48700E64548 /* AddOrEditLifeGoalView.swift */,
			);
			path = AddOrEditLifeGoal;
			sourceTree = "<group>";
		};
		9DEA944F2A3F5A0900E125EA /* Utils */ = {
			isa = PBXGroup;
			children = (
				9DEA94502A3F5A2000E125EA /* Date+Extensions.swift */,
			);
			path = Utils;
			sourceTree = "<group>";
		};
		9DEBBB9829CF28BB008CE08C /* Views */ = {
			isa = PBXGroup;
			children = (
				9DEBBB9B29CF2A40008CE08C /* NavigationLink+Extension.swift */,
				9DEBBB9D29CF37F4008CE08C /* CustomCell.swift */,
			);
			path = Views;
			sourceTree = "<group>";
		};
		9DEC1FB029E588EC00305429 /* LifeGoals */ = {
			isa = PBXGroup;
			children = (
				9DE2CECA29FFB3F300A9BE6D /* Views */,
				9DEC1FB329E5891000305429 /* LifeGoalsStore.swift */,
				9DEC1FB529E5891700305429 /* LifeGoalsView.swift */,
			);
			path = LifeGoals;
			sourceTree = "<group>";
		};
		9DEC1FB929E58A0300305429 /* Storage */ = {
			isa = PBXGroup;
			children = (
				9D813B1B2A03A2220054020F /* UserDefaults */,
				9D3B855729FD18D40026D814 /* Entities */,
				9DEC1FBB29E58A2F00305429 /* CoreData */,
				9DEC1FBA29E58A2400305429 /* NSUbiquitousKeyValueStore */,
			);
			path = Storage;
			sourceTree = "<group>";
		};
		9DEC1FBA29E58A2400305429 /* NSUbiquitousKeyValueStore */ = {
			isa = PBXGroup;
			children = (
				9D7CCA7C29DC7BBF008CA928 /* NSUbiquitousKeyValueStoreHelper.swift */,
				9D7CCA7E29DCA04D008CA928 /* NSUbiquitousKeyValueStore+Extension.swift */,
			);
			path = NSUbiquitousKeyValueStore;
			sourceTree = "<group>";
		};
		9DEC1FBB29E58A2F00305429 /* CoreData */ = {
			isa = PBXGroup;
			children = (
				9D70828329B8D1A100846F55 /* LifeProgress.xcdatamodeld */,
				9D3B855C29FD1AAD0026D814 /* CoreDataManager.swift */,
			);
			path = CoreData;
			sourceTree = "<group>";
		};
/* End PBXGroup section */

/* Begin PBXNativeTarget section */
		9D70827429B8D1A000846F55 /* Life Progress - Calendar */ = {
			isa = PBXNativeTarget;
			buildConfigurationList = 9D70829E29B8D1A100846F55 /* Build configuration list for PBXNativeTarget "Life Progress - Calendar" */;
			buildPhases = (
				9D70827129B8D1A000846F55 /* Sources */,
				9D70827229B8D1A000846F55 /* Frameworks */,
				9D70827329B8D1A000846F55 /* Resources */,
				9DA378DE29E19B9200074F01 /* Embed Foundation Extensions */,
			);
			buildRules = (
			);
			dependencies = (
				9DA378DC29E19B9100074F01 /* PBXTargetDependency */,
			);
			name = "Life Progress - Calendar";
			packageProductDependencies = (
				9D6ECBC129BA4EF9000DF545 /* ComposableArchitecture */,
				9D660B7C29EA998900AE2445 /* SymbolPicker */,
				9DE2CEC829FFB30D00A9BE6D /* ConfettiSwiftUI */,
				9D2045902A056E0100CAAAC6 /* TelemetryClient */,
				9DC634502A22370C00BC55CB /* WhatsNewKit */,
			);
			productName = LifeProgress;
			productReference = 9D70827529B8D1A000846F55 /* Life Progress - Calendar.app */;
			productType = "com.apple.product-type.application";
		};
		9D70828929B8D1A100846F55 /* LifeProgressTests */ = {
			isa = PBXNativeTarget;
			buildConfigurationList = 9D7082A129B8D1A100846F55 /* Build configuration list for PBXNativeTarget "LifeProgressTests" */;
			buildPhases = (
				9D70828629B8D1A100846F55 /* Sources */,
				9D70828729B8D1A100846F55 /* Frameworks */,
				9D70828829B8D1A100846F55 /* Resources */,
			);
			buildRules = (
			);
			dependencies = (
				9D70828C29B8D1A100846F55 /* PBXTargetDependency */,
			);
			name = LifeProgressTests;
			productName = LifeProgressTests;
			productReference = 9D70828A29B8D1A100846F55 /* LifeProgressTests.xctest */;
			productType = "com.apple.product-type.bundle.unit-test";
		};
		9D70829329B8D1A100846F55 /* LifeProgressUITests */ = {
			isa = PBXNativeTarget;
			buildConfigurationList = 9D7082A429B8D1A100846F55 /* Build configuration list for PBXNativeTarget "LifeProgressUITests" */;
			buildPhases = (
				9D70829029B8D1A100846F55 /* Sources */,
				9D70829129B8D1A100846F55 /* Frameworks */,
				9D70829229B8D1A100846F55 /* Resources */,
			);
			buildRules = (
			);
			dependencies = (
				9D70829629B8D1A100846F55 /* PBXTargetDependency */,
			);
			name = LifeProgressUITests;
			productName = LifeProgressUITests;
			productReference = 9D70829429B8D1A100846F55 /* LifeProgressUITests.xctest */;
			productType = "com.apple.product-type.bundle.ui-testing";
		};
		9DA378CC29E19B9000074F01 /* LifeProgressWidgetExtension */ = {
			isa = PBXNativeTarget;
			buildConfigurationList = 9DA378E129E19B9200074F01 /* Build configuration list for PBXNativeTarget "LifeProgressWidgetExtension" */;
			buildPhases = (
				9DA378C929E19B9000074F01 /* Sources */,
				9DA378CA29E19B9000074F01 /* Frameworks */,
				9DA378CB29E19B9000074F01 /* Resources */,
			);
			buildRules = (
			);
			dependencies = (
			);
			name = LifeProgressWidgetExtension;
			packageProductDependencies = (
				9DA378EB29E1B11D00074F01 /* ComposableArchitecture */,
			);
			productName = LifeProgressWidgetExtension;
			productReference = 9DA378CD29E19B9000074F01 /* LifeProgressWidgetExtension.appex */;
			productType = "com.apple.product-type.app-extension";
		};
/* End PBXNativeTarget section */

/* Begin PBXProject section */
		9D70826D29B8D1A000846F55 /* Project object */ = {
			isa = PBXProject;
			attributes = {
				BuildIndependentTargetsInParallel = 1;
				LastSwiftUpdateCheck = 1420;
				LastUpgradeCheck = 1420;
				TargetAttributes = {
					9D70827429B8D1A000846F55 = {
						CreatedOnToolsVersion = 14.2;
					};
					9D70828929B8D1A100846F55 = {
						CreatedOnToolsVersion = 14.2;
						TestTargetID = 9D70827429B8D1A000846F55;
					};
					9D70829329B8D1A100846F55 = {
						CreatedOnToolsVersion = 14.2;
						TestTargetID = 9D70827429B8D1A000846F55;
					};
					9DA378CC29E19B9000074F01 = {
						CreatedOnToolsVersion = 14.2;
					};
				};
			};
			buildConfigurationList = 9D70827029B8D1A000846F55 /* Build configuration list for PBXProject "LifeProgress" */;
			compatibilityVersion = "Xcode 14.0";
			developmentRegion = en;
			hasScannedForEncodings = 0;
			knownRegions = (
				en,
				Base,
			);
			mainGroup = 9D70826C29B8D1A000846F55;
			packageReferences = (
				9D6ECBC029BA4EF9000DF545 /* XCRemoteSwiftPackageReference "swift-composable-architecture" */,
				9D660B7B29EA998900AE2445 /* XCRemoteSwiftPackageReference "SymbolPicker" */,
				9DE2CEC729FFB30D00A9BE6D /* XCRemoteSwiftPackageReference "ConfettiSwiftUI" */,
				9D20458F2A056E0100CAAAC6 /* XCRemoteSwiftPackageReference "SwiftClient" */,
				9DC6344F2A22370C00BC55CB /* XCRemoteSwiftPackageReference "WhatsNewKit" */,
			);
			productRefGroup = 9D70827629B8D1A000846F55 /* Products */;
			projectDirPath = "";
			projectRoot = "";
			targets = (
				9D70827429B8D1A000846F55 /* Life Progress - Calendar */,
				9D70828929B8D1A100846F55 /* LifeProgressTests */,
				9D70829329B8D1A100846F55 /* LifeProgressUITests */,
				9DA378CC29E19B9000074F01 /* LifeProgressWidgetExtension */,
			);
		};
/* End PBXProject section */

/* Begin PBXResourcesBuildPhase section */
		9D70827329B8D1A000846F55 /* Resources */ = {
			isa = PBXResourcesBuildPhase;
			buildActionMask = 2147483647;
			files = (
				9D70828029B8D1A100846F55 /* Preview Assets.xcassets in Resources */,
				9D5FB3CB2A321A7C000E69D7 /* Life-Progress---Calendar-Info.plist in Resources */,
				9D70DC3D2A010291000C2AF0 /* Configuration.storekit in Resources */,
				9D70827D29B8D1A100846F55 /* Assets.xcassets in Resources */,
			);
			runOnlyForDeploymentPostprocessing = 0;
		};
		9D70828829B8D1A100846F55 /* Resources */ = {
			isa = PBXResourcesBuildPhase;
			buildActionMask = 2147483647;
			files = (
				9D70DC3E2A010291000C2AF0 /* Configuration.storekit in Resources */,
			);
			runOnlyForDeploymentPostprocessing = 0;
		};
		9D70829229B8D1A100846F55 /* Resources */ = {
			isa = PBXResourcesBuildPhase;
			buildActionMask = 2147483647;
			files = (
			);
			runOnlyForDeploymentPostprocessing = 0;
		};
		9DA378CB29E19B9000074F01 /* Resources */ = {
			isa = PBXResourcesBuildPhase;
			buildActionMask = 2147483647;
			files = (
				9DA378D929E19B9100074F01 /* Assets.xcassets in Resources */,
			);
			runOnlyForDeploymentPostprocessing = 0;
		};
/* End PBXResourcesBuildPhase section */

/* Begin PBXSourcesBuildPhase section */
		9D70827129B8D1A000846F55 /* Sources */ = {
			isa = PBXSourcesBuildPhase;
			buildActionMask = 2147483647;
			files = (
				9D3B855D29FD1AAD0026D814 /* CoreDataManager.swift in Sources */,
				9DEBBBA229CF4D3E008CE08C /* ZoomedInCalendarView.swift in Sources */,
				9D6ECBC729BA5345000DF545 /* LifeCalendarStore.swift in Sources */,
				9DEC1FB429E5891000305429 /* LifeGoalsStore.swift in Sources */,
				9DEBBB9C29CF2A40008CE08C /* NavigationLink+Extension.swift in Sources */,
				9D8041442A02640000E3B74A /* OnboardingView.swift in Sources */,
				9D7CCA7F29DCA04D008CA928 /* NSUbiquitousKeyValueStore+Extension.swift in Sources */,
				9D4C753A29EBFFBE007FFCBC /* LifeGoalsClient.swift in Sources */,
				9DC9B71429BDEA610088D6F9 /* BirthdayView.swift in Sources */,
				9D70DC3A2A00FCA0000C2AF0 /* IAPView.swift in Sources */,
				9DB6D11A29C216B800265C2E /* ThemeView.swift in Sources */,
				9D3B855F29FD1C840026D814 /* LifeGoalEntity.swift in Sources */,
				9DCC207D2A0132E700D151F0 /* PremiumCell.swift in Sources */,
				9D70DC382A00FC97000C2AF0 /* IAPStore.swift in Sources */,
				9DE3429529E6F48700E64548 /* AddOrEditLifeGoalView.swift in Sources */,
				9D80414C2A026BD000E3B74A /* OnboardingLifeExpectancyView.swift in Sources */,
				9D3B856129FD1D600026D814 /* LifeGoal.swift in Sources */,
				9DB6D11829C216A300265C2E /* ThemeStore.swift in Sources */,
				9D70DC352A00FAFC000C2AF0 /* IAPClient.swift in Sources */,
				9D4C753829EBF6CB007FFCBC /* SFSymbolPickerView.swift in Sources */,
				9DCC20812A013DBE00D151F0 /* Feature.swift in Sources */,
				9DD720FB29BFB36A00634AB2 /* SettingsStore.swift in Sources */,
				9D62261829D9546B000C1EA8 /* AboutTheAppView.swift in Sources */,
				9D70828529B8D1A100846F55 /* LifeProgress.xcdatamodeld in Sources */,
				9D4C753629EBF6C0007FFCBC /* SFSymbolPickerStore.swift in Sources */,
				9D2045932A057A8200CAAAC6 /* AnalyticsClient.swift in Sources */,
				9D660B8229EAA31500AE2445 /* DatePickerView.swift in Sources */,
				9D7CE5C329BFA45900B57F90 /* LifeExpectancyStore.swift in Sources */,
				9DE3429329E6F46300E64548 /* AddOrEditLifeGoalStore.swift in Sources */,
				9D80414A2A0268B200E3B74A /* OnboardingBirthdayView.swift in Sources */,
				9DEBBB9E29CF37F4008CE08C /* CustomCell.swift in Sources */,
				9DEC1FB629E5891700305429 /* LifeGoalsView.swift in Sources */,
				9D813B282A03E8F10054020F /* OnboardingCompletedView.swift in Sources */,
				9D869C8D29E31D0D00841A47 /* SimplifiedYearCalendarView.swift in Sources */,
				9D6C5E6E2A02A37F0024F11F /* OnboardingNotificationsView.swift in Sources */,
				9D813B182A039B710054020F /* About.swift in Sources */,
				9D813B262A03CCE60054020F /* DeveloperView.swift in Sources */,
				9D660B8029EAA30B00AE2445 /* DatePickerStore.swift in Sources */,
				9DB996962A050930004EF0FF /* NotificationsClient.swift in Sources */,
				9DC9B71729BE052B0088D6F9 /* DateFormatters.swift in Sources */,
				9D46DCD329D839E900331456 /* AboutTheAppStore.swift in Sources */,
				9D70827929B8D1A000846F55 /* LifeProgressApp.swift in Sources */,
				9DA378E529E1AA5000074F01 /* Date+Extension.swift in Sources */,
				9DD720F929BFB35C00634AB2 /* SettingsView.swift in Sources */,
				9D813B1E2A03A76A0054020F /* UserDefaultsHelper.swift in Sources */,
				9DE2CED429FFD60500A9BE6D /* SettingsCell.swift in Sources */,
				9D813B152A039AA20054020F /* OnboardingAboutView.swift in Sources */,
				9DEBBB9729CF2182008CE08C /* AboutLifeCalendarView.swift in Sources */,
				9D7CCA7D29DC7BBF008CA928 /* NSUbiquitousKeyValueStoreHelper.swift in Sources */,
				9DC9B71229BDE8590088D6F9 /* BirthdayStore.swift in Sources */,
				9DC634552A2249E400BC55CB /* RootView+WhatsNewCollectionProvider.swift in Sources */,
				9DD7210029BFBD5100634AB2 /* WeeklyNotificationView.swift in Sources */,
				9D7082A929B8D34900846F55 /* Life.swift in Sources */,
				9DE2CECF29FFBD1400A9BE6D /* ConfettiStore.swift in Sources */,
				9DC5B6A329C4FBB400E2A4FA /* Theme.swift in Sources */,
				9D7CE5C529BFA5ED00B57F90 /* LifeExpectancyView.swift in Sources */,
				9DCF41F829BB993200F30BB3 /* CalendarWithCurrentYear.swift in Sources */,
				9D156C3F29D0AC0B00F2C992 /* UserSettingsClient.swift in Sources */,
				9DC5B69F29C4F87B00E2A4FA /* RootStore.swift in Sources */,
				9DACC2D529D34EDF00AA48CE /* LifeProgressView.swift in Sources */,
				9DE2CED129FFBF2600A9BE6D /* ConfettiView.swift in Sources */,
				9DCF41F329BB94D300F30BB3 /* LifeCalendarView.swift in Sources */,
				9DE2CECC29FFB3FC00A9BE6D /* LifeGoalsList.swift in Sources */,
				9DD720FE29BFBD4000634AB2 /* WeeklyNotificationStore.swift in Sources */,
				9DEBBBA429CF4EB7008CE08C /* SimplifiedLifeCalendarView.swift in Sources */,
				9D813B222A03C99D0054020F /* DeveloperStore.swift in Sources */,
				9DEBBBA629CF5118008CE08C /* CurrentYearProgressView.swift in Sources */,
				9D8041422A0263F200E3B74A /* OnboardingStore.swift in Sources */,
				9D6ECBBF29BA378C000DF545 /* AgeGroup.swift in Sources */,
				9DCF41F629BB991E00F30BB3 /* CalendarWithoutCurrentYear.swift in Sources */,
				9DC5B6A129C4F88300E2A4FA /* RootView.swift in Sources */,
			);
			runOnlyForDeploymentPostprocessing = 0;
		};
		9D70828629B8D1A100846F55 /* Sources */ = {
			isa = PBXSourcesBuildPhase;
			buildActionMask = 2147483647;
			files = (
				9DC756A82A73D7AE00E6F3F1 /* LifeGoalsTests.swift in Sources */,
				9D556A972A628D1D00A7E8F3 /* IAPTests.swift in Sources */,
				9D877C492A3F55F700CC0562 /* DatePickerTests.swift in Sources */,
				9D8322052A3D9B0300A66037 /* DeveloperTests.swift in Sources */,
				9D8322092A3DAE5A00A66037 /* LifeExpectancyTests.swift in Sources */,
				9D04CAAD2A7516E7007C678D /* LifeCalendarTests.swift in Sources */,
				9DB9F3AC2A3DEEBC001AF6D4 /* BirthdayTests.swift in Sources */,
				9D5F8E0C2A66C72200867D1F /* ThemeTests.swift in Sources */,
				9D4110492A4821A10069DFED /* SFSymbolPickerTests.swift in Sources */,
				9D8272412A73A9680001925C /* AddOrEditLifeGoalTests.swift in Sources */,
				9D41104C2A4828DF0069DFED /* ConfettiTests.swift in Sources */,
				9DB9F3AF2A3DF8B7001AF6D4 /* WeeklyNotificationTests.swift in Sources */,
				9DEA94512A3F5A2000E125EA /* Date+Extensions.swift in Sources */,
			);
			runOnlyForDeploymentPostprocessing = 0;
		};
		9D70829029B8D1A100846F55 /* Sources */ = {
			isa = PBXSourcesBuildPhase;
			buildActionMask = 2147483647;
			files = (
				9D70829929B8D1A100846F55 /* LifeProgressUITests.swift in Sources */,
				9D70829B29B8D1A100846F55 /* LifeProgressUITestsLaunchTests.swift in Sources */,
			);
			runOnlyForDeploymentPostprocessing = 0;
		};
		9DA378C929E19B9000074F01 /* Sources */ = {
			isa = PBXSourcesBuildPhase;
			buildActionMask = 2147483647;
			files = (
				9DA378F029E1C2DE00074F01 /* SimplifiedLifeCalendarView.swift in Sources */,
				9D813B1F2A03A7CC0054020F /* UserDefaultsHelper.swift in Sources */,
				9DA378EA29E1AC7000074F01 /* NSUbiquitousKeyValueStoreHelper.swift in Sources */,
				9D869C8329E3174600841A47 /* LifeProgressWidget.swift in Sources */,
				9DA378E629E1AA7200074F01 /* Date+Extension.swift in Sources */,
				9D869C8529E3175000841A47 /* YearProgressWidget.swift in Sources */,
				9DA378E929E1AC6F00074F01 /* NSUbiquitousKeyValueStore+Extension.swift in Sources */,
				9DA378F129E1C39800074F01 /* AgeGroup.swift in Sources */,
				9DA378E229E1A1E400074F01 /* Life.swift in Sources */,
				9DA378E729E1AC4B00074F01 /* Theme.swift in Sources */,
				9DA378E329E1A70E00074F01 /* UserSettingsClient.swift in Sources */,
				9D869C8E29E31D0D00841A47 /* SimplifiedYearCalendarView.swift in Sources */,
				9DA378D529E19B9000074F01 /* LifeProgressWidgetBundle.swift in Sources */,
			);
			runOnlyForDeploymentPostprocessing = 0;
		};
/* End PBXSourcesBuildPhase section */

/* Begin PBXTargetDependency section */
		9D70828C29B8D1A100846F55 /* PBXTargetDependency */ = {
			isa = PBXTargetDependency;
			target = 9D70827429B8D1A000846F55 /* Life Progress - Calendar */;
			targetProxy = 9D70828B29B8D1A100846F55 /* PBXContainerItemProxy */;
		};
		9D70829629B8D1A100846F55 /* PBXTargetDependency */ = {
			isa = PBXTargetDependency;
			target = 9D70827429B8D1A000846F55 /* Life Progress - Calendar */;
			targetProxy = 9D70829529B8D1A100846F55 /* PBXContainerItemProxy */;
		};
		9DA378DC29E19B9100074F01 /* PBXTargetDependency */ = {
			isa = PBXTargetDependency;
			target = 9DA378CC29E19B9000074F01 /* LifeProgressWidgetExtension */;
			targetProxy = 9DA378DB29E19B9100074F01 /* PBXContainerItemProxy */;
		};
/* End PBXTargetDependency section */

/* Begin XCBuildConfiguration section */
		9D70829C29B8D1A100846F55 /* Debug */ = {
			isa = XCBuildConfiguration;
			buildSettings = {
				ALWAYS_SEARCH_USER_PATHS = NO;
				CLANG_ANALYZER_NONNULL = YES;
				CLANG_ANALYZER_NUMBER_OBJECT_CONVERSION = YES_AGGRESSIVE;
				CLANG_CXX_LANGUAGE_STANDARD = "gnu++20";
				CLANG_ENABLE_MODULES = YES;
				CLANG_ENABLE_OBJC_ARC = YES;
				CLANG_ENABLE_OBJC_WEAK = YES;
				CLANG_WARN_BLOCK_CAPTURE_AUTORELEASING = YES;
				CLANG_WARN_BOOL_CONVERSION = YES;
				CLANG_WARN_COMMA = YES;
				CLANG_WARN_CONSTANT_CONVERSION = YES;
				CLANG_WARN_DEPRECATED_OBJC_IMPLEMENTATIONS = YES;
				CLANG_WARN_DIRECT_OBJC_ISA_USAGE = YES_ERROR;
				CLANG_WARN_DOCUMENTATION_COMMENTS = YES;
				CLANG_WARN_EMPTY_BODY = YES;
				CLANG_WARN_ENUM_CONVERSION = YES;
				CLANG_WARN_INFINITE_RECURSION = YES;
				CLANG_WARN_INT_CONVERSION = YES;
				CLANG_WARN_NON_LITERAL_NULL_CONVERSION = YES;
				CLANG_WARN_OBJC_IMPLICIT_RETAIN_SELF = YES;
				CLANG_WARN_OBJC_LITERAL_CONVERSION = YES;
				CLANG_WARN_OBJC_ROOT_CLASS = YES_ERROR;
				CLANG_WARN_QUOTED_INCLUDE_IN_FRAMEWORK_HEADER = YES;
				CLANG_WARN_RANGE_LOOP_ANALYSIS = YES;
				CLANG_WARN_STRICT_PROTOTYPES = YES;
				CLANG_WARN_SUSPICIOUS_MOVE = YES;
				CLANG_WARN_UNGUARDED_AVAILABILITY = YES_AGGRESSIVE;
				CLANG_WARN_UNREACHABLE_CODE = YES;
				CLANG_WARN__DUPLICATE_METHOD_MATCH = YES;
				COPY_PHASE_STRIP = NO;
				DEBUG_INFORMATION_FORMAT = dwarf;
				ENABLE_STRICT_OBJC_MSGSEND = YES;
				ENABLE_TESTABILITY = YES;
				GCC_C_LANGUAGE_STANDARD = gnu11;
				GCC_DYNAMIC_NO_PIC = NO;
				GCC_NO_COMMON_BLOCKS = YES;
				GCC_OPTIMIZATION_LEVEL = 0;
				GCC_PREPROCESSOR_DEFINITIONS = (
					"DEBUG=1",
					"$(inherited)",
				);
				GCC_WARN_64_TO_32_BIT_CONVERSION = YES;
				GCC_WARN_ABOUT_RETURN_TYPE = YES_ERROR;
				GCC_WARN_UNDECLARED_SELECTOR = YES;
				GCC_WARN_UNINITIALIZED_AUTOS = YES_AGGRESSIVE;
				GCC_WARN_UNUSED_FUNCTION = YES;
				GCC_WARN_UNUSED_VARIABLE = YES;
				IPHONEOS_DEPLOYMENT_TARGET = 16.0;
				MTL_ENABLE_DEBUG_INFO = INCLUDE_SOURCE;
				MTL_FAST_MATH = YES;
				ONLY_ACTIVE_ARCH = YES;
				SDKROOT = iphoneos;
				SWIFT_ACTIVE_COMPILATION_CONDITIONS = DEBUG;
				SWIFT_OPTIMIZATION_LEVEL = "-Onone";
			};
			name = Debug;
		};
		9D70829D29B8D1A100846F55 /* Release */ = {
			isa = XCBuildConfiguration;
			buildSettings = {
				ALWAYS_SEARCH_USER_PATHS = NO;
				CLANG_ANALYZER_NONNULL = YES;
				CLANG_ANALYZER_NUMBER_OBJECT_CONVERSION = YES_AGGRESSIVE;
				CLANG_CXX_LANGUAGE_STANDARD = "gnu++20";
				CLANG_ENABLE_MODULES = YES;
				CLANG_ENABLE_OBJC_ARC = YES;
				CLANG_ENABLE_OBJC_WEAK = YES;
				CLANG_WARN_BLOCK_CAPTURE_AUTORELEASING = YES;
				CLANG_WARN_BOOL_CONVERSION = YES;
				CLANG_WARN_COMMA = YES;
				CLANG_WARN_CONSTANT_CONVERSION = YES;
				CLANG_WARN_DEPRECATED_OBJC_IMPLEMENTATIONS = YES;
				CLANG_WARN_DIRECT_OBJC_ISA_USAGE = YES_ERROR;
				CLANG_WARN_DOCUMENTATION_COMMENTS = YES;
				CLANG_WARN_EMPTY_BODY = YES;
				CLANG_WARN_ENUM_CONVERSION = YES;
				CLANG_WARN_INFINITE_RECURSION = YES;
				CLANG_WARN_INT_CONVERSION = YES;
				CLANG_WARN_NON_LITERAL_NULL_CONVERSION = YES;
				CLANG_WARN_OBJC_IMPLICIT_RETAIN_SELF = YES;
				CLANG_WARN_OBJC_LITERAL_CONVERSION = YES;
				CLANG_WARN_OBJC_ROOT_CLASS = YES_ERROR;
				CLANG_WARN_QUOTED_INCLUDE_IN_FRAMEWORK_HEADER = YES;
				CLANG_WARN_RANGE_LOOP_ANALYSIS = YES;
				CLANG_WARN_STRICT_PROTOTYPES = YES;
				CLANG_WARN_SUSPICIOUS_MOVE = YES;
				CLANG_WARN_UNGUARDED_AVAILABILITY = YES_AGGRESSIVE;
				CLANG_WARN_UNREACHABLE_CODE = YES;
				CLANG_WARN__DUPLICATE_METHOD_MATCH = YES;
				COPY_PHASE_STRIP = NO;
				DEBUG_INFORMATION_FORMAT = "dwarf-with-dsym";
				ENABLE_NS_ASSERTIONS = NO;
				ENABLE_STRICT_OBJC_MSGSEND = YES;
				GCC_C_LANGUAGE_STANDARD = gnu11;
				GCC_NO_COMMON_BLOCKS = YES;
				GCC_WARN_64_TO_32_BIT_CONVERSION = YES;
				GCC_WARN_ABOUT_RETURN_TYPE = YES_ERROR;
				GCC_WARN_UNDECLARED_SELECTOR = YES;
				GCC_WARN_UNINITIALIZED_AUTOS = YES_AGGRESSIVE;
				GCC_WARN_UNUSED_FUNCTION = YES;
				GCC_WARN_UNUSED_VARIABLE = YES;
				IPHONEOS_DEPLOYMENT_TARGET = 16.0;
				MTL_ENABLE_DEBUG_INFO = NO;
				MTL_FAST_MATH = YES;
				SDKROOT = iphoneos;
				SWIFT_COMPILATION_MODE = wholemodule;
				SWIFT_OPTIMIZATION_LEVEL = "-O";
				VALIDATE_PRODUCT = YES;
			};
			name = Release;
		};
		9D70829F29B8D1A100846F55 /* Debug */ = {
			isa = XCBuildConfiguration;
			buildSettings = {
				ALWAYS_EMBED_SWIFT_STANDARD_LIBRARIES = YES;
				ASSETCATALOG_COMPILER_APPICON_NAME = AppIcon;
				ASSETCATALOG_COMPILER_GLOBAL_ACCENT_COLOR_NAME = AccentColor;
				CODE_SIGN_ENTITLEMENTS = LifeProgress/LifeProgress.entitlements;
				CODE_SIGN_IDENTITY = "Apple Development";
				CODE_SIGN_STYLE = Automatic;
				CURRENT_PROJECT_VERSION = 5;
				DEVELOPMENT_ASSET_PATHS = "\"LifeProgress/Resources/Preview Content\"";
				DEVELOPMENT_TEAM = H2YRS6RS63;
				ENABLE_PREVIEWS = YES;
				GENERATE_INFOPLIST_FILE = YES;
				INFOPLIST_FILE = "Life-Progress---Calendar-Info.plist";
				INFOPLIST_KEY_CFBundleDisplayName = "Life Progress";
				INFOPLIST_KEY_LSApplicationCategoryType = "public.app-category.productivity";
				INFOPLIST_KEY_UIApplicationSceneManifest_Generation = YES;
				INFOPLIST_KEY_UIApplicationSupportsIndirectInputEvents = YES;
				INFOPLIST_KEY_UILaunchScreen_Generation = YES;
				INFOPLIST_KEY_UISupportedInterfaceOrientations_iPad = "UIInterfaceOrientationPortrait UIInterfaceOrientationPortraitUpsideDown UIInterfaceOrientationLandscapeLeft UIInterfaceOrientationLandscapeRight";
				INFOPLIST_KEY_UISupportedInterfaceOrientations_iPhone = "UIInterfaceOrientationPortrait UIInterfaceOrientationLandscapeLeft UIInterfaceOrientationLandscapeRight";
				IPHONEOS_DEPLOYMENT_TARGET = 16.0;
				LD_RUNPATH_SEARCH_PATHS = (
					"$(inherited)",
					"@executable_path/Frameworks",
				);
				MARKETING_VERSION = 1.0.1;
				PRODUCT_BUNDLE_IDENTIFIER = com.bartozo.LifeProgress;
				PRODUCT_NAME = "$(TARGET_NAME)";
				PROVISIONING_PROFILE_SPECIFIER = "";
				SUPPORTED_PLATFORMS = "iphoneos iphonesimulator";
				SUPPORTS_MACCATALYST = NO;
				SUPPORTS_MAC_DESIGNED_FOR_IPHONE_IPAD = YES;
				SWIFT_EMIT_LOC_STRINGS = YES;
				SWIFT_VERSION = 5.0;
				TARGETED_DEVICE_FAMILY = "1,2";
			};
			name = Debug;
		};
		9D7082A029B8D1A100846F55 /* Release */ = {
			isa = XCBuildConfiguration;
			buildSettings = {
				ALWAYS_EMBED_SWIFT_STANDARD_LIBRARIES = YES;
				ASSETCATALOG_COMPILER_APPICON_NAME = AppIcon;
				ASSETCATALOG_COMPILER_GLOBAL_ACCENT_COLOR_NAME = AccentColor;
				CODE_SIGN_ENTITLEMENTS = LifeProgress/LifeProgress.entitlements;
				CODE_SIGN_IDENTITY = "Apple Development";
				CODE_SIGN_STYLE = Automatic;
				CURRENT_PROJECT_VERSION = 5;
				DEVELOPMENT_ASSET_PATHS = "\"LifeProgress/Resources/Preview Content\"";
				DEVELOPMENT_TEAM = H2YRS6RS63;
				ENABLE_PREVIEWS = YES;
				GENERATE_INFOPLIST_FILE = YES;
				INFOPLIST_FILE = "Life-Progress---Calendar-Info.plist";
				INFOPLIST_KEY_CFBundleDisplayName = "Life Progress";
				INFOPLIST_KEY_LSApplicationCategoryType = "public.app-category.productivity";
				INFOPLIST_KEY_UIApplicationSceneManifest_Generation = YES;
				INFOPLIST_KEY_UIApplicationSupportsIndirectInputEvents = YES;
				INFOPLIST_KEY_UILaunchScreen_Generation = YES;
				INFOPLIST_KEY_UISupportedInterfaceOrientations_iPad = "UIInterfaceOrientationPortrait UIInterfaceOrientationPortraitUpsideDown UIInterfaceOrientationLandscapeLeft UIInterfaceOrientationLandscapeRight";
				INFOPLIST_KEY_UISupportedInterfaceOrientations_iPhone = "UIInterfaceOrientationPortrait UIInterfaceOrientationLandscapeLeft UIInterfaceOrientationLandscapeRight";
				IPHONEOS_DEPLOYMENT_TARGET = 16.0;
				LD_RUNPATH_SEARCH_PATHS = (
					"$(inherited)",
					"@executable_path/Frameworks",
				);
				MARKETING_VERSION = 1.0.1;
				PRODUCT_BUNDLE_IDENTIFIER = com.bartozo.LifeProgress;
				PRODUCT_NAME = "$(TARGET_NAME)";
				PROVISIONING_PROFILE_SPECIFIER = "";
				SUPPORTED_PLATFORMS = "iphoneos iphonesimulator";
				SUPPORTS_MACCATALYST = NO;
				SUPPORTS_MAC_DESIGNED_FOR_IPHONE_IPAD = YES;
				SWIFT_EMIT_LOC_STRINGS = YES;
				SWIFT_VERSION = 5.0;
				TARGETED_DEVICE_FAMILY = "1,2";
			};
			name = Release;
		};
		9D7082A229B8D1A100846F55 /* Debug */ = {
			isa = XCBuildConfiguration;
			buildSettings = {
				ALWAYS_EMBED_SWIFT_STANDARD_LIBRARIES = YES;
				BUNDLE_LOADER = "$(TEST_HOST)";
				CODE_SIGN_STYLE = Automatic;
				CURRENT_PROJECT_VERSION = 1;
				DEVELOPMENT_TEAM = H2YRS6RS63;
				GENERATE_INFOPLIST_FILE = YES;
				IPHONEOS_DEPLOYMENT_TARGET = 16.0;
				MARKETING_VERSION = 1.0;
				PRODUCT_BUNDLE_IDENTIFIER = com.bartozo.LifeProgressTests;
				PRODUCT_NAME = "$(TARGET_NAME)";
				SWIFT_EMIT_LOC_STRINGS = NO;
				SWIFT_VERSION = 5.0;
				TARGETED_DEVICE_FAMILY = "1,2";
				TEST_HOST = "$(BUILT_PRODUCTS_DIR)/Life Progress - Calendar.app/$(BUNDLE_EXECUTABLE_FOLDER_PATH)/Life Progress - Calendar";
			};
			name = Debug;
		};
		9D7082A329B8D1A100846F55 /* Release */ = {
			isa = XCBuildConfiguration;
			buildSettings = {
				ALWAYS_EMBED_SWIFT_STANDARD_LIBRARIES = YES;
				BUNDLE_LOADER = "$(TEST_HOST)";
				CODE_SIGN_STYLE = Automatic;
				CURRENT_PROJECT_VERSION = 1;
				DEVELOPMENT_TEAM = H2YRS6RS63;
				GENERATE_INFOPLIST_FILE = YES;
				IPHONEOS_DEPLOYMENT_TARGET = 16.0;
				MARKETING_VERSION = 1.0;
				PRODUCT_BUNDLE_IDENTIFIER = com.bartozo.LifeProgressTests;
				PRODUCT_NAME = "$(TARGET_NAME)";
				SWIFT_EMIT_LOC_STRINGS = NO;
				SWIFT_VERSION = 5.0;
				TARGETED_DEVICE_FAMILY = "1,2";
				TEST_HOST = "$(BUILT_PRODUCTS_DIR)/Life Progress - Calendar.app/$(BUNDLE_EXECUTABLE_FOLDER_PATH)/Life Progress - Calendar";
			};
			name = Release;
		};
		9D7082A529B8D1A100846F55 /* Debug */ = {
			isa = XCBuildConfiguration;
			buildSettings = {
				ALWAYS_EMBED_SWIFT_STANDARD_LIBRARIES = YES;
				CODE_SIGN_STYLE = Automatic;
				CURRENT_PROJECT_VERSION = 1;
				DEVELOPMENT_TEAM = H2YRS6RS63;
				GENERATE_INFOPLIST_FILE = YES;
				IPHONEOS_DEPLOYMENT_TARGET = 16.0;
				MARKETING_VERSION = 1.0;
				PRODUCT_BUNDLE_IDENTIFIER = com.bartozo.LifeProgressUITests;
				PRODUCT_NAME = "$(TARGET_NAME)";
				SWIFT_EMIT_LOC_STRINGS = NO;
				SWIFT_VERSION = 5.0;
				TARGETED_DEVICE_FAMILY = "1,2";
				TEST_TARGET_NAME = LifeProgress;
			};
			name = Debug;
		};
		9D7082A629B8D1A100846F55 /* Release */ = {
			isa = XCBuildConfiguration;
			buildSettings = {
				ALWAYS_EMBED_SWIFT_STANDARD_LIBRARIES = YES;
				CODE_SIGN_STYLE = Automatic;
				CURRENT_PROJECT_VERSION = 1;
				DEVELOPMENT_TEAM = H2YRS6RS63;
				GENERATE_INFOPLIST_FILE = YES;
				IPHONEOS_DEPLOYMENT_TARGET = 16.0;
				MARKETING_VERSION = 1.0;
				PRODUCT_BUNDLE_IDENTIFIER = com.bartozo.LifeProgressUITests;
				PRODUCT_NAME = "$(TARGET_NAME)";
				SWIFT_EMIT_LOC_STRINGS = NO;
				SWIFT_VERSION = 5.0;
				TARGETED_DEVICE_FAMILY = "1,2";
				TEST_TARGET_NAME = LifeProgress;
			};
			name = Release;
		};
		9DA378DF29E19B9200074F01 /* Debug */ = {
			isa = XCBuildConfiguration;
			buildSettings = {
				ASSETCATALOG_COMPILER_GLOBAL_ACCENT_COLOR_NAME = AccentColor;
				ASSETCATALOG_COMPILER_WIDGET_BACKGROUND_COLOR_NAME = WidgetBackground;
				CODE_SIGN_ENTITLEMENTS = LifeProgressWidgetExtension.entitlements;
				CODE_SIGN_IDENTITY = "Apple Development";
				CODE_SIGN_STYLE = Automatic;
				CURRENT_PROJECT_VERSION = 5;
				DEVELOPMENT_TEAM = H2YRS6RS63;
				GENERATE_INFOPLIST_FILE = YES;
				INFOPLIST_FILE = LifeProgressWidget/Info.plist;
				INFOPLIST_KEY_CFBundleDisplayName = LifeProgressWidget;
				INFOPLIST_KEY_NSHumanReadableCopyright = "";
				IPHONEOS_DEPLOYMENT_TARGET = 16.2;
				LD_RUNPATH_SEARCH_PATHS = (
					"$(inherited)",
					"@executable_path/Frameworks",
					"@executable_path/../../Frameworks",
				);
				MARKETING_VERSION = 1.0.1;
				PRODUCT_BUNDLE_IDENTIFIER = com.bartozo.LifeProgress.LifeProgressWidget;
				PRODUCT_NAME = "$(TARGET_NAME)";
				SKIP_INSTALL = YES;
				SWIFT_EMIT_LOC_STRINGS = YES;
				SWIFT_VERSION = 5.0;
				TARGETED_DEVICE_FAMILY = "1,2";
			};
			name = Debug;
		};
		9DA378E029E19B9200074F01 /* Release */ = {
			isa = XCBuildConfiguration;
			buildSettings = {
				ASSETCATALOG_COMPILER_GLOBAL_ACCENT_COLOR_NAME = AccentColor;
				ASSETCATALOG_COMPILER_WIDGET_BACKGROUND_COLOR_NAME = WidgetBackground;
				CODE_SIGN_ENTITLEMENTS = LifeProgressWidgetExtension.entitlements;
				CODE_SIGN_IDENTITY = "Apple Development";
				CODE_SIGN_STYLE = Automatic;
				CURRENT_PROJECT_VERSION = 5;
				DEVELOPMENT_TEAM = H2YRS6RS63;
				GENERATE_INFOPLIST_FILE = YES;
				INFOPLIST_FILE = LifeProgressWidget/Info.plist;
				INFOPLIST_KEY_CFBundleDisplayName = LifeProgressWidget;
				INFOPLIST_KEY_NSHumanReadableCopyright = "";
				IPHONEOS_DEPLOYMENT_TARGET = 16.2;
				LD_RUNPATH_SEARCH_PATHS = (
					"$(inherited)",
					"@executable_path/Frameworks",
					"@executable_path/../../Frameworks",
				);
				MARKETING_VERSION = 1.0.1;
				PRODUCT_BUNDLE_IDENTIFIER = com.bartozo.LifeProgress.LifeProgressWidget;
				PRODUCT_NAME = "$(TARGET_NAME)";
				SKIP_INSTALL = YES;
				SWIFT_EMIT_LOC_STRINGS = YES;
				SWIFT_VERSION = 5.0;
				TARGETED_DEVICE_FAMILY = "1,2";
			};
			name = Release;
		};
/* End XCBuildConfiguration section */

/* Begin XCConfigurationList section */
		9D70827029B8D1A000846F55 /* Build configuration list for PBXProject "LifeProgress" */ = {
			isa = XCConfigurationList;
			buildConfigurations = (
				9D70829C29B8D1A100846F55 /* Debug */,
				9D70829D29B8D1A100846F55 /* Release */,
			);
			defaultConfigurationIsVisible = 0;
			defaultConfigurationName = Release;
		};
		9D70829E29B8D1A100846F55 /* Build configuration list for PBXNativeTarget "Life Progress - Calendar" */ = {
			isa = XCConfigurationList;
			buildConfigurations = (
				9D70829F29B8D1A100846F55 /* Debug */,
				9D7082A029B8D1A100846F55 /* Release */,
			);
			defaultConfigurationIsVisible = 0;
			defaultConfigurationName = Release;
		};
		9D7082A129B8D1A100846F55 /* Build configuration list for PBXNativeTarget "LifeProgressTests" */ = {
			isa = XCConfigurationList;
			buildConfigurations = (
				9D7082A229B8D1A100846F55 /* Debug */,
				9D7082A329B8D1A100846F55 /* Release */,
			);
			defaultConfigurationIsVisible = 0;
			defaultConfigurationName = Release;
		};
		9D7082A429B8D1A100846F55 /* Build configuration list for PBXNativeTarget "LifeProgressUITests" */ = {
			isa = XCConfigurationList;
			buildConfigurations = (
				9D7082A529B8D1A100846F55 /* Debug */,
				9D7082A629B8D1A100846F55 /* Release */,
			);
			defaultConfigurationIsVisible = 0;
			defaultConfigurationName = Release;
		};
		9DA378E129E19B9200074F01 /* Build configuration list for PBXNativeTarget "LifeProgressWidgetExtension" */ = {
			isa = XCConfigurationList;
			buildConfigurations = (
				9DA378DF29E19B9200074F01 /* Debug */,
				9DA378E029E19B9200074F01 /* Release */,
			);
			defaultConfigurationIsVisible = 0;
			defaultConfigurationName = Release;
		};
/* End XCConfigurationList section */

/* Begin XCRemoteSwiftPackageReference section */
		9D20458F2A056E0100CAAAC6 /* XCRemoteSwiftPackageReference "SwiftClient" */ = {
			isa = XCRemoteSwiftPackageReference;
			repositoryURL = "https://github.com/TelemetryDeck/SwiftClient";
			requirement = {
				kind = upToNextMajorVersion;
				minimumVersion = 1.4.3;
			};
		};
		9D660B7B29EA998900AE2445 /* XCRemoteSwiftPackageReference "SymbolPicker" */ = {
			isa = XCRemoteSwiftPackageReference;
			repositoryURL = "https://github.com/xnth97/SymbolPicker.git";
			requirement = {
				kind = upToNextMajorVersion;
				minimumVersion = 1.4.0;
			};
		};
		9D6ECBC029BA4EF9000DF545 /* XCRemoteSwiftPackageReference "swift-composable-architecture" */ = {
			isa = XCRemoteSwiftPackageReference;
			repositoryURL = "https://github.com/pointfreeco/swift-composable-architecture";
			requirement = {
				kind = upToNextMajorVersion;
				minimumVersion = 0.9.0;
			};
		};
		9DC6344F2A22370C00BC55CB /* XCRemoteSwiftPackageReference "WhatsNewKit" */ = {
			isa = XCRemoteSwiftPackageReference;
			repositoryURL = "https://github.com/SvenTiigi/WhatsNewKit.git";
			requirement = {
				kind = upToNextMajorVersion;
				minimumVersion = 2.1.0;
			};
		};
		9DE2CEC729FFB30D00A9BE6D /* XCRemoteSwiftPackageReference "ConfettiSwiftUI" */ = {
			isa = XCRemoteSwiftPackageReference;
			repositoryURL = "https://github.com/simibac/ConfettiSwiftUI";
			requirement = {
				kind = upToNextMajorVersion;
				minimumVersion = 1.0.1;
			};
		};
/* End XCRemoteSwiftPackageReference section */

/* Begin XCSwiftPackageProductDependency section */
		9D2045902A056E0100CAAAC6 /* TelemetryClient */ = {
			isa = XCSwiftPackageProductDependency;
			package = 9D20458F2A056E0100CAAAC6 /* XCRemoteSwiftPackageReference "SwiftClient" */;
			productName = TelemetryClient;
		};
		9D660B7C29EA998900AE2445 /* SymbolPicker */ = {
			isa = XCSwiftPackageProductDependency;
			package = 9D660B7B29EA998900AE2445 /* XCRemoteSwiftPackageReference "SymbolPicker" */;
			productName = SymbolPicker;
		};
		9D6ECBC129BA4EF9000DF545 /* ComposableArchitecture */ = {
			isa = XCSwiftPackageProductDependency;
			package = 9D6ECBC029BA4EF9000DF545 /* XCRemoteSwiftPackageReference "swift-composable-architecture" */;
			productName = ComposableArchitecture;
		};
		9DA378EB29E1B11D00074F01 /* ComposableArchitecture */ = {
			isa = XCSwiftPackageProductDependency;
			package = 9D6ECBC029BA4EF9000DF545 /* XCRemoteSwiftPackageReference "swift-composable-architecture" */;
			productName = ComposableArchitecture;
		};
		9DC634502A22370C00BC55CB /* WhatsNewKit */ = {
			isa = XCSwiftPackageProductDependency;
			package = 9DC6344F2A22370C00BC55CB /* XCRemoteSwiftPackageReference "WhatsNewKit" */;
			productName = WhatsNewKit;
		};
		9DE2CEC829FFB30D00A9BE6D /* ConfettiSwiftUI */ = {
			isa = XCSwiftPackageProductDependency;
			package = 9DE2CEC729FFB30D00A9BE6D /* XCRemoteSwiftPackageReference "ConfettiSwiftUI" */;
			productName = ConfettiSwiftUI;
		};
/* End XCSwiftPackageProductDependency section */

/* Begin XCVersionGroup section */
		9D70828329B8D1A100846F55 /* LifeProgress.xcdatamodeld */ = {
			isa = XCVersionGroup;
			children = (
				9D70828429B8D1A100846F55 /* LifeProgress.xcdatamodel */,
			);
			currentVersion = 9D70828429B8D1A100846F55 /* LifeProgress.xcdatamodel */;
			path = LifeProgress.xcdatamodeld;
			sourceTree = "<group>";
			versionGroupType = wrapper.xcdatamodel;
		};
/* End XCVersionGroup section */
	};
	rootObject = 9D70826D29B8D1A000846F55 /* Project object */;
}
